// !$*UTF8*$!
{
	archiveVersion = 1;
	classes = {
	};
	objectVersion = 46;
	objects = {

/* Begin PBXBuildFile section */
		00E356F31AD99517003FC87E /* TEST0214Tests.m in Sources */ = {isa = PBXBuildFile; fileRef = 00E356F21AD99517003FC87E /* TEST0214Tests.m */; };
		0A2462A301F174128C5661FE /* libPods-TEST0214Tests.a in Frameworks */ = {isa = PBXBuildFile; fileRef = 7E8D3880115CAEA844889DE1 /* libPods-TEST0214Tests.a */; };
		13B07FBC1A68108700A75B9A /* AppDelegate.m in Sources */ = {isa = PBXBuildFile; fileRef = 13B07FB01A68108700A75B9A /* AppDelegate.m */; };
		13B07FBD1A68108700A75B9A /* LaunchScreen.xib in Resources */ = {isa = PBXBuildFile; fileRef = 13B07FB11A68108700A75B9A /* LaunchScreen.xib */; };
		13B07FBF1A68108700A75B9A /* Images.xcassets in Resources */ = {isa = PBXBuildFile; fileRef = 13B07FB51A68108700A75B9A /* Images.xcassets */; };
		13B07FC11A68108700A75B9A /* main.m in Sources */ = {isa = PBXBuildFile; fileRef = 13B07FB71A68108700A75B9A /* main.m */; };
		2D02E4BC1E0B4A80006451C7 /* AppDelegate.m in Sources */ = {isa = PBXBuildFile; fileRef = 13B07FB01A68108700A75B9A /* AppDelegate.m */; };
		2D02E4BD1E0B4A84006451C7 /* Images.xcassets in Resources */ = {isa = PBXBuildFile; fileRef = 13B07FB51A68108700A75B9A /* Images.xcassets */; };
		2D02E4BF1E0B4AB3006451C7 /* main.m in Sources */ = {isa = PBXBuildFile; fileRef = 13B07FB71A68108700A75B9A /* main.m */; };
		2DCD954D1E0B4F2C00145EB5 /* TEST0214Tests.m in Sources */ = {isa = PBXBuildFile; fileRef = 00E356F21AD99517003FC87E /* TEST0214Tests.m */; };
		3A56036D241899A100CBBF8F /* bundle in Resources */ = {isa = PBXBuildFile; fileRef = 3A56036B241899A000CBBF8F /* bundle */; };
		3A56036F241899B700CBBF8F /* bundle in Resources */ = {isa = PBXBuildFile; fileRef = 3A56036E241899B600CBBF8F /* bundle */; };
		3A560371241899CE00CBBF8F /* bundle in Resources */ = {isa = PBXBuildFile; fileRef = 3A560370241899CE00CBBF8F /* bundle */; };
		3A608C672417331B00AD3647 /* MaterialCommunityIcons.ttf in Resources */ = {isa = PBXBuildFile; fileRef = 3A608C612417331B00AD3647 /* MaterialCommunityIcons.ttf */; };
		3A608C682417331B00AD3647 /* MaterialCommunityIcons.ttf in Resources */ = {isa = PBXBuildFile; fileRef = 3A608C612417331B00AD3647 /* MaterialCommunityIcons.ttf */; };
		3A608C692417331B00AD3647 /* MaterialCommunityIcons.ttf in Resources */ = {isa = PBXBuildFile; fileRef = 3A608C612417331B00AD3647 /* MaterialCommunityIcons.ttf */; };
		3A608C7C2417337C00AD3647 /* Fontisto.ttf in Resources */ = {isa = PBXBuildFile; fileRef = 3A608C6B2417337C00AD3647 /* Fontisto.ttf */; };
		3A608C7D2417337C00AD3647 /* Fontisto.ttf in Resources */ = {isa = PBXBuildFile; fileRef = 3A608C6B2417337C00AD3647 /* Fontisto.ttf */; };
		3A608C7E2417337C00AD3647 /* Fontisto.ttf in Resources */ = {isa = PBXBuildFile; fileRef = 3A608C6B2417337C00AD3647 /* Fontisto.ttf */; };
		3A608C802417337C00AD3647 /* Octicons.ttf in Resources */ = {isa = PBXBuildFile; fileRef = 3A608C6C2417337C00AD3647 /* Octicons.ttf */; };
		3A608C812417337C00AD3647 /* Octicons.ttf in Resources */ = {isa = PBXBuildFile; fileRef = 3A608C6C2417337C00AD3647 /* Octicons.ttf */; };
		3A608C822417337C00AD3647 /* Octicons.ttf in Resources */ = {isa = PBXBuildFile; fileRef = 3A608C6C2417337C00AD3647 /* Octicons.ttf */; };
		3A608C842417337C00AD3647 /* Feather.ttf in Resources */ = {isa = PBXBuildFile; fileRef = 3A608C6D2417337C00AD3647 /* Feather.ttf */; };
		3A608C852417337C00AD3647 /* Feather.ttf in Resources */ = {isa = PBXBuildFile; fileRef = 3A608C6D2417337C00AD3647 /* Feather.ttf */; };
		3A608C862417337C00AD3647 /* Feather.ttf in Resources */ = {isa = PBXBuildFile; fileRef = 3A608C6D2417337C00AD3647 /* Feather.ttf */; };
		3A608C882417337C00AD3647 /* Entypo.ttf in Resources */ = {isa = PBXBuildFile; fileRef = 3A608C6E2417337C00AD3647 /* Entypo.ttf */; };
		3A608C892417337C00AD3647 /* Entypo.ttf in Resources */ = {isa = PBXBuildFile; fileRef = 3A608C6E2417337C00AD3647 /* Entypo.ttf */; };
		3A608C8A2417337C00AD3647 /* Entypo.ttf in Resources */ = {isa = PBXBuildFile; fileRef = 3A608C6E2417337C00AD3647 /* Entypo.ttf */; };
		3A608C8C2417337C00AD3647 /* FontAwesome5_Brands.ttf in Resources */ = {isa = PBXBuildFile; fileRef = 3A608C6F2417337C00AD3647 /* FontAwesome5_Brands.ttf */; };
		3A608C8D2417337C00AD3647 /* FontAwesome5_Brands.ttf in Resources */ = {isa = PBXBuildFile; fileRef = 3A608C6F2417337C00AD3647 /* FontAwesome5_Brands.ttf */; };
		3A608C8E2417337C00AD3647 /* FontAwesome5_Brands.ttf in Resources */ = {isa = PBXBuildFile; fileRef = 3A608C6F2417337C00AD3647 /* FontAwesome5_Brands.ttf */; };
		3A608C942417337C00AD3647 /* AntDesign.ttf in Resources */ = {isa = PBXBuildFile; fileRef = 3A608C712417337C00AD3647 /* AntDesign.ttf */; };
		3A608C952417337C00AD3647 /* AntDesign.ttf in Resources */ = {isa = PBXBuildFile; fileRef = 3A608C712417337C00AD3647 /* AntDesign.ttf */; };
		3A608C962417337C00AD3647 /* AntDesign.ttf in Resources */ = {isa = PBXBuildFile; fileRef = 3A608C712417337C00AD3647 /* AntDesign.ttf */; };
		3A608C982417337C00AD3647 /* Foundation.ttf in Resources */ = {isa = PBXBuildFile; fileRef = 3A608C722417337C00AD3647 /* Foundation.ttf */; };
		3A608C992417337C00AD3647 /* Foundation.ttf in Resources */ = {isa = PBXBuildFile; fileRef = 3A608C722417337C00AD3647 /* Foundation.ttf */; };
		3A608C9A2417337C00AD3647 /* Foundation.ttf in Resources */ = {isa = PBXBuildFile; fileRef = 3A608C722417337C00AD3647 /* Foundation.ttf */; };
		3A608C9C2417337C00AD3647 /* Ionicons.ttf in Resources */ = {isa = PBXBuildFile; fileRef = 3A608C732417337C00AD3647 /* Ionicons.ttf */; };
		3A608C9D2417337C00AD3647 /* Ionicons.ttf in Resources */ = {isa = PBXBuildFile; fileRef = 3A608C732417337C00AD3647 /* Ionicons.ttf */; };
		3A608C9E2417337C00AD3647 /* Ionicons.ttf in Resources */ = {isa = PBXBuildFile; fileRef = 3A608C732417337C00AD3647 /* Ionicons.ttf */; };
		3A608CA02417337C00AD3647 /* FontAwesome5_Solid.ttf in Resources */ = {isa = PBXBuildFile; fileRef = 3A608C742417337C00AD3647 /* FontAwesome5_Solid.ttf */; };
		3A608CA12417337C00AD3647 /* FontAwesome5_Solid.ttf in Resources */ = {isa = PBXBuildFile; fileRef = 3A608C742417337C00AD3647 /* FontAwesome5_Solid.ttf */; };
		3A608CA22417337C00AD3647 /* FontAwesome5_Solid.ttf in Resources */ = {isa = PBXBuildFile; fileRef = 3A608C742417337C00AD3647 /* FontAwesome5_Solid.ttf */; };
		3A608CA42417337C00AD3647 /* FontAwesome5_Regular.ttf in Resources */ = {isa = PBXBuildFile; fileRef = 3A608C752417337C00AD3647 /* FontAwesome5_Regular.ttf */; };
		3A608CA52417337C00AD3647 /* FontAwesome5_Regular.ttf in Resources */ = {isa = PBXBuildFile; fileRef = 3A608C752417337C00AD3647 /* FontAwesome5_Regular.ttf */; };
		3A608CA62417337C00AD3647 /* FontAwesome5_Regular.ttf in Resources */ = {isa = PBXBuildFile; fileRef = 3A608C752417337C00AD3647 /* FontAwesome5_Regular.ttf */; };
		3A608CA82417337C00AD3647 /* FontAwesome.ttf in Resources */ = {isa = PBXBuildFile; fileRef = 3A608C762417337C00AD3647 /* FontAwesome.ttf */; };
		3A608CA92417337C00AD3647 /* FontAwesome.ttf in Resources */ = {isa = PBXBuildFile; fileRef = 3A608C762417337C00AD3647 /* FontAwesome.ttf */; };
		3A608CAA2417337C00AD3647 /* FontAwesome.ttf in Resources */ = {isa = PBXBuildFile; fileRef = 3A608C762417337C00AD3647 /* FontAwesome.ttf */; };
		3A608CAC2417337C00AD3647 /* Zocial.ttf in Resources */ = {isa = PBXBuildFile; fileRef = 3A608C772417337C00AD3647 /* Zocial.ttf */; };
		3A608CAD2417337C00AD3647 /* Zocial.ttf in Resources */ = {isa = PBXBuildFile; fileRef = 3A608C772417337C00AD3647 /* Zocial.ttf */; };
		3A608CAE2417337C00AD3647 /* Zocial.ttf in Resources */ = {isa = PBXBuildFile; fileRef = 3A608C772417337C00AD3647 /* Zocial.ttf */; };
		3A608CB02417337C00AD3647 /* EvilIcons.ttf in Resources */ = {isa = PBXBuildFile; fileRef = 3A608C782417337C00AD3647 /* EvilIcons.ttf */; };
		3A608CB12417337C00AD3647 /* EvilIcons.ttf in Resources */ = {isa = PBXBuildFile; fileRef = 3A608C782417337C00AD3647 /* EvilIcons.ttf */; };
		3A608CB22417337C00AD3647 /* EvilIcons.ttf in Resources */ = {isa = PBXBuildFile; fileRef = 3A608C782417337C00AD3647 /* EvilIcons.ttf */; };
		3A608CB42417337C00AD3647 /* SimpleLineIcons.ttf in Resources */ = {isa = PBXBuildFile; fileRef = 3A608C792417337C00AD3647 /* SimpleLineIcons.ttf */; };
		3A608CB52417337C00AD3647 /* SimpleLineIcons.ttf in Resources */ = {isa = PBXBuildFile; fileRef = 3A608C792417337C00AD3647 /* SimpleLineIcons.ttf */; };
		3A608CB62417337C00AD3647 /* SimpleLineIcons.ttf in Resources */ = {isa = PBXBuildFile; fileRef = 3A608C792417337C00AD3647 /* SimpleLineIcons.ttf */; };
		3A608CB82417337C00AD3647 /* MaterialIcons.ttf in Resources */ = {isa = PBXBuildFile; fileRef = 3A608C7A2417337C00AD3647 /* MaterialIcons.ttf */; };
		3A608CB92417337C00AD3647 /* MaterialIcons.ttf in Resources */ = {isa = PBXBuildFile; fileRef = 3A608C7A2417337C00AD3647 /* MaterialIcons.ttf */; };
		3A608CBA2417337C00AD3647 /* MaterialIcons.ttf in Resources */ = {isa = PBXBuildFile; fileRef = 3A608C7A2417337C00AD3647 /* MaterialIcons.ttf */; };
		3BCA629642C16A690A52589D /* libPods-TEST0214-tvOS.a in Frameworks */ = {isa = PBXBuildFile; fileRef = FAB0863F011BA7D2B81231D6 /* libPods-TEST0214-tvOS.a */; };
		40902111A73E8F5018C0C7C1 /* libPods-TEST0214.a in Frameworks */ = {isa = PBXBuildFile; fileRef = 527AB24E23AE71EB1D6E03E4 /* libPods-TEST0214.a */; };
		A27E8E79242DF1F100CD775B /* AIRDummyView.m in Sources */ = {isa = PBXBuildFile; fileRef = A27E8E47242DF1F100CD775B /* AIRDummyView.m */; };
		A27E8E7A242DF1F100CD775B /* AIRGoogleMapUrlTile.m in Sources */ = {isa = PBXBuildFile; fileRef = A27E8E4A242DF1F100CD775B /* AIRGoogleMapUrlTile.m */; };
		A27E8E7B242DF1F100CD775B /* AIRGoogleMapPolygonManager.m in Sources */ = {isa = PBXBuildFile; fileRef = A27E8E4D242DF1F100CD775B /* AIRGoogleMapPolygonManager.m */; };
		A27E8E7C242DF1F100CD775B /* AIRGoogleMapMarker.m in Sources */ = {isa = PBXBuildFile; fileRef = A27E8E50242DF1F100CD775B /* AIRGoogleMapMarker.m */; };
		A27E8E7D242DF1F100CD775B /* AIRGMSPolygon.m in Sources */ = {isa = PBXBuildFile; fileRef = A27E8E54242DF1F100CD775B /* AIRGMSPolygon.m */; };
		A27E8E7E242DF1F100CD775B /* AIRGoogleMapURLTileManager.m in Sources */ = {isa = PBXBuildFile; fileRef = A27E8E55242DF1F100CD775B /* AIRGoogleMapURLTileManager.m */; };
		A27E8E7F242DF1F100CD775B /* AIRGoogleMapWMSTileManager.m in Sources */ = {isa = PBXBuildFile; fileRef = A27E8E56242DF1F100CD775B /* AIRGoogleMapWMSTileManager.m */; };
		A27E8E80242DF1F100CD775B /* AIRGoogleMapCircle.m in Sources */ = {isa = PBXBuildFile; fileRef = A27E8E57242DF1F100CD775B /* AIRGoogleMapCircle.m */; };
		A27E8E81242DF1F100CD775B /* AIRGoogleMapCircleManager.m in Sources */ = {isa = PBXBuildFile; fileRef = A27E8E5E242DF1F100CD775B /* AIRGoogleMapCircleManager.m */; };
		A27E8E82242DF1F100CD775B /* AIRGoogleMapCalloutManager.m in Sources */ = {isa = PBXBuildFile; fileRef = A27E8E60242DF1F100CD775B /* AIRGoogleMapCalloutManager.m */; };
		A27E8E83242DF1F100CD775B /* AIRGoogleMapMarkerManager.m in Sources */ = {isa = PBXBuildFile; fileRef = A27E8E61242DF1F100CD775B /* AIRGoogleMapMarkerManager.m */; };
		A27E8E84242DF1F100CD775B /* AIRGoogleMapPolyline.m in Sources */ = {isa = PBXBuildFile; fileRef = A27E8E63242DF1F100CD775B /* AIRGoogleMapPolyline.m */; };
		A27E8E85242DF1F100CD775B /* AIRGoogleMapWMSTile.m in Sources */ = {isa = PBXBuildFile; fileRef = A27E8E64242DF1F100CD775B /* AIRGoogleMapWMSTile.m */; };
		A27E8E86242DF1F100CD775B /* AIRGoogleMapOverlay.m in Sources */ = {isa = PBXBuildFile; fileRef = A27E8E67242DF1F100CD775B /* AIRGoogleMapOverlay.m */; };
		A27E8E87242DF1F100CD775B /* AIRGMSPolyline.m in Sources */ = {isa = PBXBuildFile; fileRef = A27E8E68242DF1F100CD775B /* AIRGMSPolyline.m */; };
		A27E8E88242DF1F100CD775B /* AIRGoogleMapPolylineManager.m in Sources */ = {isa = PBXBuildFile; fileRef = A27E8E69242DF1F100CD775B /* AIRGoogleMapPolylineManager.m */; };
		A27E8E89242DF1F100CD775B /* AIRGoogleMapManager.m in Sources */ = {isa = PBXBuildFile; fileRef = A27E8E6A242DF1F100CD775B /* AIRGoogleMapManager.m */; };
		A27E8E8A242DF1F100CD775B /* RCTConvert+GMSMapViewType.m in Sources */ = {isa = PBXBuildFile; fileRef = A27E8E6D242DF1F100CD775B /* RCTConvert+GMSMapViewType.m */; };
		A27E8E8B242DF1F100CD775B /* AIRGoogleMapCalloutSubviewManager.m in Sources */ = {isa = PBXBuildFile; fileRef = A27E8E6E242DF1F100CD775B /* AIRGoogleMapCalloutSubviewManager.m */; };
		A27E8E8C242DF1F100CD775B /* AIRGoogleMapCallout.m in Sources */ = {isa = PBXBuildFile; fileRef = A27E8E6F242DF1F100CD775B /* AIRGoogleMapCallout.m */; };
		A27E8E8D242DF1F100CD775B /* AIRGoogleMapOverlayManager.m in Sources */ = {isa = PBXBuildFile; fileRef = A27E8E70242DF1F100CD775B /* AIRGoogleMapOverlayManager.m */; };
		A27E8E8E242DF1F100CD775B /* AIRGoogleMap.m in Sources */ = {isa = PBXBuildFile; fileRef = A27E8E71242DF1F100CD775B /* AIRGoogleMap.m */; };
		A27E8E8F242DF1F100CD775B /* AIRGoogleMapPolygon.m in Sources */ = {isa = PBXBuildFile; fileRef = A27E8E76242DF1F100CD775B /* AIRGoogleMapPolygon.m */; };
		A27E8E90242DF1F100CD775B /* AIRGMSMarker.m in Sources */ = {isa = PBXBuildFile; fileRef = A27E8E77242DF1F100CD775B /* AIRGMSMarker.m */; };
		A27E8E91242DF1F100CD775B /* AIRGoogleMapCalloutSubview.m in Sources */ = {isa = PBXBuildFile; fileRef = A27E8E78242DF1F100CD775B /* AIRGoogleMapCalloutSubview.m */; };
		AB6ED5487302926F55897242 /* libPods-TEST0214-tvOSTests.a in Frameworks */ = {isa = PBXBuildFile; fileRef = DA06EC6A5568BA51CDF9EAC4 /* libPods-TEST0214-tvOSTests.a */; };
/* End PBXBuildFile section */

/* Begin PBXContainerItemProxy section */
		00E356F41AD99517003FC87E /* PBXContainerItemProxy */ = {
			isa = PBXContainerItemProxy;
			containerPortal = 83CBB9F71A601CBA00E9B192 /* Project object */;
			proxyType = 1;
			remoteGlobalIDString = 13B07F861A680F5B00A75B9A;
			remoteInfo = TEST0214;
		};
		2D02E4911E0B4A5D006451C7 /* PBXContainerItemProxy */ = {
			isa = PBXContainerItemProxy;
			containerPortal = 83CBB9F71A601CBA00E9B192 /* Project object */;
			proxyType = 1;
			remoteGlobalIDString = 2D02E47A1E0B4A5D006451C7;
			remoteInfo = "TEST0214-tvOS";
		};
		3A5603782418B4E100CBBF8F /* PBXContainerItemProxy */ = {
			isa = PBXContainerItemProxy;
			containerPortal = 3A5603732418B4E000CBBF8F /* RCTBackgroundGeolocation.xcodeproj */;
			proxyType = 2;
			remoteGlobalIDString = 418F75461D02DC3D0045FEA0;
			remoteInfo = RCTBackgroundGeolocation;
		};
		3A608CBF2417377100AD3647 /* PBXContainerItemProxy */ = {
			isa = PBXContainerItemProxy;
			containerPortal = 3A608CBB2417377100AD3647 /* RSSignatureCapture.xcodeproj */;
			proxyType = 2;
			remoteGlobalIDString = 0C53A99E1B56113D004F2642;
			remoteInfo = RSSignatureCapture;
		};
/* End PBXContainerItemProxy section */

/* Begin PBXFileReference section */
		008F07F21AC5B25A0029DE68 /* main.jsbundle */ = {isa = PBXFileReference; fileEncoding = 4; lastKnownFileType = text; path = main.jsbundle; sourceTree = "<group>"; };
		00E356EE1AD99517003FC87E /* TEST0214Tests.xctest */ = {isa = PBXFileReference; explicitFileType = wrapper.cfbundle; includeInIndex = 0; path = TEST0214Tests.xctest; sourceTree = BUILT_PRODUCTS_DIR; };
		00E356F11AD99517003FC87E /* Info.plist */ = {isa = PBXFileReference; lastKnownFileType = text.plist.xml; path = Info.plist; sourceTree = "<group>"; };
		00E356F21AD99517003FC87E /* TEST0214Tests.m */ = {isa = PBXFileReference; lastKnownFileType = sourcecode.c.objc; path = TEST0214Tests.m; sourceTree = "<group>"; };
		13B07F961A680F5B00A75B9A /* TEST0214.app */ = {isa = PBXFileReference; explicitFileType = wrapper.application; includeInIndex = 0; path = TEST0214.app; sourceTree = BUILT_PRODUCTS_DIR; };
		13B07FAF1A68108700A75B9A /* AppDelegate.h */ = {isa = PBXFileReference; fileEncoding = 4; lastKnownFileType = sourcecode.c.h; name = AppDelegate.h; path = TEST0214/AppDelegate.h; sourceTree = "<group>"; };
		13B07FB01A68108700A75B9A /* AppDelegate.m */ = {isa = PBXFileReference; fileEncoding = 4; lastKnownFileType = sourcecode.c.objc; name = AppDelegate.m; path = TEST0214/AppDelegate.m; sourceTree = "<group>"; };
		13B07FB21A68108700A75B9A /* Base */ = {isa = PBXFileReference; lastKnownFileType = file.xib; name = Base; path = Base.lproj/LaunchScreen.xib; sourceTree = "<group>"; };
		13B07FB51A68108700A75B9A /* Images.xcassets */ = {isa = PBXFileReference; lastKnownFileType = folder.assetcatalog; name = Images.xcassets; path = TEST0214/Images.xcassets; sourceTree = "<group>"; };
		13B07FB61A68108700A75B9A /* Info.plist */ = {isa = PBXFileReference; fileEncoding = 4; lastKnownFileType = text.plist.xml; name = Info.plist; path = TEST0214/Info.plist; sourceTree = "<group>"; };
		13B07FB71A68108700A75B9A /* main.m */ = {isa = PBXFileReference; fileEncoding = 4; lastKnownFileType = sourcecode.c.objc; name = main.m; path = TEST0214/main.m; sourceTree = "<group>"; };
		1C6BB395FF23E15D46C97986 /* Pods-TEST0214-tvOS.release.xcconfig */ = {isa = PBXFileReference; includeInIndex = 1; lastKnownFileType = text.xcconfig; name = "Pods-TEST0214-tvOS.release.xcconfig"; path = "Target Support Files/Pods-TEST0214-tvOS/Pods-TEST0214-tvOS.release.xcconfig"; sourceTree = "<group>"; };
		2D02E47B1E0B4A5D006451C7 /* TEST0214-tvOS.app */ = {isa = PBXFileReference; explicitFileType = wrapper.application; includeInIndex = 0; path = "TEST0214-tvOS.app"; sourceTree = BUILT_PRODUCTS_DIR; };
		2D02E4901E0B4A5D006451C7 /* TEST0214-tvOSTests.xctest */ = {isa = PBXFileReference; explicitFileType = wrapper.cfbundle; includeInIndex = 0; path = "TEST0214-tvOSTests.xctest"; sourceTree = BUILT_PRODUCTS_DIR; };
		3A56036B241899A000CBBF8F /* bundle */ = {isa = PBXFileReference; lastKnownFileType = folder; path = bundle; sourceTree = "<group>"; };
		3A56036E241899B600CBBF8F /* bundle */ = {isa = PBXFileReference; fileEncoding = 4; lastKnownFileType = text; path = bundle; sourceTree = SOURCE_ROOT; };
		3A560370241899CE00CBBF8F /* bundle */ = {isa = PBXFileReference; lastKnownFileType = folder; path = bundle; sourceTree = "<group>"; };
		3A5603732418B4E000CBBF8F /* RCTBackgroundGeolocation.xcodeproj */ = {isa = PBXFileReference; lastKnownFileType = "wrapper.pb-project"; name = RCTBackgroundGeolocation.xcodeproj; path = "../node_modules/@mauron85/react-native-background-geolocation/ios/RCTBackgroundGeolocation.xcodeproj"; sourceTree = "<group>"; };
		3A56037D2418B85F00CBBF8F /* libBackgroundGeolocation.a */ = {isa = PBXFileReference; explicitFileType = archive.ar; path = libBackgroundGeolocation.a; sourceTree = BUILT_PRODUCTS_DIR; };
		3A608C602417331B00AD3647 /* FontAwesome.ttf */ = {isa = PBXFileReference; lastKnownFileType = file; name = FontAwesome.ttf; path = "../../node_modules/react-native-vector-icons/Fonts/FontAwesome.ttf"; sourceTree = "<group>"; };
		3A608C612417331B00AD3647 /* MaterialCommunityIcons.ttf */ = {isa = PBXFileReference; lastKnownFileType = file; name = MaterialCommunityIcons.ttf; path = "../../node_modules/react-native-vector-icons/Fonts/MaterialCommunityIcons.ttf"; sourceTree = "<group>"; };
		3A608C6B2417337C00AD3647 /* Fontisto.ttf */ = {isa = PBXFileReference; lastKnownFileType = file; path = Fontisto.ttf; sourceTree = "<group>"; };
		3A608C6C2417337C00AD3647 /* Octicons.ttf */ = {isa = PBXFileReference; lastKnownFileType = file; path = Octicons.ttf; sourceTree = "<group>"; };
		3A608C6D2417337C00AD3647 /* Feather.ttf */ = {isa = PBXFileReference; lastKnownFileType = file; path = Feather.ttf; sourceTree = "<group>"; };
		3A608C6E2417337C00AD3647 /* Entypo.ttf */ = {isa = PBXFileReference; lastKnownFileType = file; path = Entypo.ttf; sourceTree = "<group>"; };
		3A608C6F2417337C00AD3647 /* FontAwesome5_Brands.ttf */ = {isa = PBXFileReference; lastKnownFileType = file; path = FontAwesome5_Brands.ttf; sourceTree = "<group>"; };
		3A608C702417337C00AD3647 /* MaterialCommunityIcons.ttf */ = {isa = PBXFileReference; lastKnownFileType = file; path = MaterialCommunityIcons.ttf; sourceTree = "<group>"; };
		3A608C712417337C00AD3647 /* AntDesign.ttf */ = {isa = PBXFileReference; lastKnownFileType = file; path = AntDesign.ttf; sourceTree = "<group>"; };
		3A608C722417337C00AD3647 /* Foundation.ttf */ = {isa = PBXFileReference; lastKnownFileType = file; path = Foundation.ttf; sourceTree = "<group>"; };
		3A608C732417337C00AD3647 /* Ionicons.ttf */ = {isa = PBXFileReference; lastKnownFileType = file; path = Ionicons.ttf; sourceTree = "<group>"; };
		3A608C742417337C00AD3647 /* FontAwesome5_Solid.ttf */ = {isa = PBXFileReference; lastKnownFileType = file; path = FontAwesome5_Solid.ttf; sourceTree = "<group>"; };
		3A608C752417337C00AD3647 /* FontAwesome5_Regular.ttf */ = {isa = PBXFileReference; lastKnownFileType = file; path = FontAwesome5_Regular.ttf; sourceTree = "<group>"; };
		3A608C762417337C00AD3647 /* FontAwesome.ttf */ = {isa = PBXFileReference; lastKnownFileType = file; path = FontAwesome.ttf; sourceTree = "<group>"; };
		3A608C772417337C00AD3647 /* Zocial.ttf */ = {isa = PBXFileReference; lastKnownFileType = file; path = Zocial.ttf; sourceTree = "<group>"; };
		3A608C782417337C00AD3647 /* EvilIcons.ttf */ = {isa = PBXFileReference; lastKnownFileType = file; path = EvilIcons.ttf; sourceTree = "<group>"; };
		3A608C792417337C00AD3647 /* SimpleLineIcons.ttf */ = {isa = PBXFileReference; lastKnownFileType = file; path = SimpleLineIcons.ttf; sourceTree = "<group>"; };
		3A608C7A2417337C00AD3647 /* MaterialIcons.ttf */ = {isa = PBXFileReference; lastKnownFileType = file; path = MaterialIcons.ttf; sourceTree = "<group>"; };
		3A608CBB2417377100AD3647 /* RSSignatureCapture.xcodeproj */ = {isa = PBXFileReference; lastKnownFileType = "wrapper.pb-project"; name = RSSignatureCapture.xcodeproj; path = "../node_modules/react-native-signature-capture/ios/RSSignatureCapture.xcodeproj"; sourceTree = "<group>"; };
		478E6FE3664CCE00D704D15D /* Pods-TEST0214-tvOSTests.debug.xcconfig */ = {isa = PBXFileReference; includeInIndex = 1; lastKnownFileType = text.xcconfig; name = "Pods-TEST0214-tvOSTests.debug.xcconfig"; path = "Target Support Files/Pods-TEST0214-tvOSTests/Pods-TEST0214-tvOSTests.debug.xcconfig"; sourceTree = "<group>"; };
		527AB24E23AE71EB1D6E03E4 /* libPods-TEST0214.a */ = {isa = PBXFileReference; explicitFileType = archive.ar; includeInIndex = 0; path = "libPods-TEST0214.a"; sourceTree = BUILT_PRODUCTS_DIR; };
		688EEFB95C5A5531F062D991 /* Pods-TEST0214-tvOS.debug.xcconfig */ = {isa = PBXFileReference; includeInIndex = 1; lastKnownFileType = text.xcconfig; name = "Pods-TEST0214-tvOS.debug.xcconfig"; path = "Target Support Files/Pods-TEST0214-tvOS/Pods-TEST0214-tvOS.debug.xcconfig"; sourceTree = "<group>"; };
		7E8D3880115CAEA844889DE1 /* libPods-TEST0214Tests.a */ = {isa = PBXFileReference; explicitFileType = archive.ar; includeInIndex = 0; path = "libPods-TEST0214Tests.a"; sourceTree = BUILT_PRODUCTS_DIR; };
		8309B13C5AA4D515F06BD98D /* Pods-TEST0214.release.xcconfig */ = {isa = PBXFileReference; includeInIndex = 1; lastKnownFileType = text.xcconfig; name = "Pods-TEST0214.release.xcconfig"; path = "Target Support Files/Pods-TEST0214/Pods-TEST0214.release.xcconfig"; sourceTree = "<group>"; };
		A27E8E47242DF1F100CD775B /* AIRDummyView.m */ = {isa = PBXFileReference; fileEncoding = 4; lastKnownFileType = sourcecode.c.objc; path = AIRDummyView.m; sourceTree = "<group>"; };
		A27E8E48242DF1F100CD775B /* AIRGoogleMapWMSTile.h */ = {isa = PBXFileReference; fileEncoding = 4; lastKnownFileType = sourcecode.c.h; path = AIRGoogleMapWMSTile.h; sourceTree = "<group>"; };
		A27E8E49242DF1F100CD775B /* AIRGoogleMapPolyline.h */ = {isa = PBXFileReference; fileEncoding = 4; lastKnownFileType = sourcecode.c.h; path = AIRGoogleMapPolyline.h; sourceTree = "<group>"; };
		A27E8E4A242DF1F100CD775B /* AIRGoogleMapUrlTile.m */ = {isa = PBXFileReference; fileEncoding = 4; lastKnownFileType = sourcecode.c.objc; path = AIRGoogleMapUrlTile.m; sourceTree = "<group>"; };
		A27E8E4B242DF1F100CD775B /* AIRGoogleMapMarkerManager.h */ = {isa = PBXFileReference; fileEncoding = 4; lastKnownFileType = sourcecode.c.h; path = AIRGoogleMapMarkerManager.h; sourceTree = "<group>"; };
		A27E8E4C242DF1F100CD775B /* AIRGoogleMapCalloutManager.h */ = {isa = PBXFileReference; fileEncoding = 4; lastKnownFileType = sourcecode.c.h; path = AIRGoogleMapCalloutManager.h; sourceTree = "<group>"; };
		A27E8E4D242DF1F100CD775B /* AIRGoogleMapPolygonManager.m */ = {isa = PBXFileReference; fileEncoding = 4; lastKnownFileType = sourcecode.c.objc; path = AIRGoogleMapPolygonManager.m; sourceTree = "<group>"; };
		A27E8E4E242DF1F100CD775B /* RCTConvert+GMSMapViewType.h */ = {isa = PBXFileReference; fileEncoding = 4; lastKnownFileType = sourcecode.c.h; path = "RCTConvert+GMSMapViewType.h"; sourceTree = "<group>"; };
		A27E8E4F242DF1F100CD775B /* AIRGoogleMapManager.h */ = {isa = PBXFileReference; fileEncoding = 4; lastKnownFileType = sourcecode.c.h; path = AIRGoogleMapManager.h; sourceTree = "<group>"; };
		A27E8E50242DF1F100CD775B /* AIRGoogleMapMarker.m */ = {isa = PBXFileReference; fileEncoding = 4; lastKnownFileType = sourcecode.c.objc; path = AIRGoogleMapMarker.m; sourceTree = "<group>"; };
		A27E8E51242DF1F100CD775B /* AIRGMSPolyline.h */ = {isa = PBXFileReference; fileEncoding = 4; lastKnownFileType = sourcecode.c.h; path = AIRGMSPolyline.h; sourceTree = "<group>"; };
		A27E8E52242DF1F100CD775B /* AIRGoogleMapPolylineManager.h */ = {isa = PBXFileReference; fileEncoding = 4; lastKnownFileType = sourcecode.c.h; path = AIRGoogleMapPolylineManager.h; sourceTree = "<group>"; };
		A27E8E53242DF1F100CD775B /* AIRGoogleMapOverlay.h */ = {isa = PBXFileReference; fileEncoding = 4; lastKnownFileType = sourcecode.c.h; path = AIRGoogleMapOverlay.h; sourceTree = "<group>"; };
		A27E8E54242DF1F100CD775B /* AIRGMSPolygon.m */ = {isa = PBXFileReference; fileEncoding = 4; lastKnownFileType = sourcecode.c.objc; path = AIRGMSPolygon.m; sourceTree = "<group>"; };
		A27E8E55242DF1F100CD775B /* AIRGoogleMapURLTileManager.m */ = {isa = PBXFileReference; fileEncoding = 4; lastKnownFileType = sourcecode.c.objc; path = AIRGoogleMapURLTileManager.m; sourceTree = "<group>"; };
		A27E8E56242DF1F100CD775B /* AIRGoogleMapWMSTileManager.m */ = {isa = PBXFileReference; fileEncoding = 4; lastKnownFileType = sourcecode.c.objc; path = AIRGoogleMapWMSTileManager.m; sourceTree = "<group>"; };
		A27E8E57242DF1F100CD775B /* AIRGoogleMapCircle.m */ = {isa = PBXFileReference; fileEncoding = 4; lastKnownFileType = sourcecode.c.objc; path = AIRGoogleMapCircle.m; sourceTree = "<group>"; };
		A27E8E58242DF1F100CD775B /* AIRGoogleMap.h */ = {isa = PBXFileReference; fileEncoding = 4; lastKnownFileType = sourcecode.c.h; path = AIRGoogleMap.h; sourceTree = "<group>"; };
		A27E8E59242DF1F100CD775B /* AIRGoogleMapOverlayManager.h */ = {isa = PBXFileReference; fileEncoding = 4; lastKnownFileType = sourcecode.c.h; path = AIRGoogleMapOverlayManager.h; sourceTree = "<group>"; };
		A27E8E5A242DF1F100CD775B /* AIRGoogleMapCallout.h */ = {isa = PBXFileReference; fileEncoding = 4; lastKnownFileType = sourcecode.c.h; path = AIRGoogleMapCallout.h; sourceTree = "<group>"; };
		A27E8E5B242DF1F100CD775B /* AIRGoogleMapCalloutSubviewManager.h */ = {isa = PBXFileReference; fileEncoding = 4; lastKnownFileType = sourcecode.c.h; path = AIRGoogleMapCalloutSubviewManager.h; sourceTree = "<group>"; };
		A27E8E5C242DF1F100CD775B /* AIRGoogleMapCalloutSubview.h */ = {isa = PBXFileReference; fileEncoding = 4; lastKnownFileType = sourcecode.c.h; path = AIRGoogleMapCalloutSubview.h; sourceTree = "<group>"; };
		A27E8E5D242DF1F100CD775B /* AIRGMSMarker.h */ = {isa = PBXFileReference; fileEncoding = 4; lastKnownFileType = sourcecode.c.h; path = AIRGMSMarker.h; sourceTree = "<group>"; };
		A27E8E5E242DF1F100CD775B /* AIRGoogleMapCircleManager.m */ = {isa = PBXFileReference; fileEncoding = 4; lastKnownFileType = sourcecode.c.objc; path = AIRGoogleMapCircleManager.m; sourceTree = "<group>"; };
		A27E8E5F242DF1F100CD775B /* AIRGoogleMapPolygon.h */ = {isa = PBXFileReference; fileEncoding = 4; lastKnownFileType = sourcecode.c.h; path = AIRGoogleMapPolygon.h; sourceTree = "<group>"; };
		A27E8E60242DF1F100CD775B /* AIRGoogleMapCalloutManager.m */ = {isa = PBXFileReference; fileEncoding = 4; lastKnownFileType = sourcecode.c.objc; path = AIRGoogleMapCalloutManager.m; sourceTree = "<group>"; };
		A27E8E61242DF1F100CD775B /* AIRGoogleMapMarkerManager.m */ = {isa = PBXFileReference; fileEncoding = 4; lastKnownFileType = sourcecode.c.objc; path = AIRGoogleMapMarkerManager.m; sourceTree = "<group>"; };
		A27E8E62242DF1F100CD775B /* AIRGoogleMapUrlTile.h */ = {isa = PBXFileReference; fileEncoding = 4; lastKnownFileType = sourcecode.c.h; path = AIRGoogleMapUrlTile.h; sourceTree = "<group>"; };
		A27E8E63242DF1F100CD775B /* AIRGoogleMapPolyline.m */ = {isa = PBXFileReference; fileEncoding = 4; lastKnownFileType = sourcecode.c.objc; path = AIRGoogleMapPolyline.m; sourceTree = "<group>"; };
		A27E8E64242DF1F100CD775B /* AIRGoogleMapWMSTile.m */ = {isa = PBXFileReference; fileEncoding = 4; lastKnownFileType = sourcecode.c.objc; path = AIRGoogleMapWMSTile.m; sourceTree = "<group>"; };
		A27E8E65242DF1F100CD775B /* AIRDummyView.h */ = {isa = PBXFileReference; fileEncoding = 4; lastKnownFileType = sourcecode.c.h; path = AIRDummyView.h; sourceTree = "<group>"; };
		A27E8E66242DF1F100CD775B /* AIRGMSPolygon.h */ = {isa = PBXFileReference; fileEncoding = 4; lastKnownFileType = sourcecode.c.h; path = AIRGMSPolygon.h; sourceTree = "<group>"; };
		A27E8E67242DF1F100CD775B /* AIRGoogleMapOverlay.m */ = {isa = PBXFileReference; fileEncoding = 4; lastKnownFileType = sourcecode.c.objc; path = AIRGoogleMapOverlay.m; sourceTree = "<group>"; };
		A27E8E68242DF1F100CD775B /* AIRGMSPolyline.m */ = {isa = PBXFileReference; fileEncoding = 4; lastKnownFileType = sourcecode.c.objc; path = AIRGMSPolyline.m; sourceTree = "<group>"; };
		A27E8E69242DF1F100CD775B /* AIRGoogleMapPolylineManager.m */ = {isa = PBXFileReference; fileEncoding = 4; lastKnownFileType = sourcecode.c.objc; path = AIRGoogleMapPolylineManager.m; sourceTree = "<group>"; };
		A27E8E6A242DF1F100CD775B /* AIRGoogleMapManager.m */ = {isa = PBXFileReference; fileEncoding = 4; lastKnownFileType = sourcecode.c.objc; path = AIRGoogleMapManager.m; sourceTree = "<group>"; };
		A27E8E6B242DF1F100CD775B /* AIRGoogleMapMarker.h */ = {isa = PBXFileReference; fileEncoding = 4; lastKnownFileType = sourcecode.c.h; path = AIRGoogleMapMarker.h; sourceTree = "<group>"; };
		A27E8E6C242DF1F100CD775B /* AIRGoogleMapPolygonManager.h */ = {isa = PBXFileReference; fileEncoding = 4; lastKnownFileType = sourcecode.c.h; path = AIRGoogleMapPolygonManager.h; sourceTree = "<group>"; };
		A27E8E6D242DF1F100CD775B /* RCTConvert+GMSMapViewType.m */ = {isa = PBXFileReference; fileEncoding = 4; lastKnownFileType = sourcecode.c.objc; path = "RCTConvert+GMSMapViewType.m"; sourceTree = "<group>"; };
		A27E8E6E242DF1F100CD775B /* AIRGoogleMapCalloutSubviewManager.m */ = {isa = PBXFileReference; fileEncoding = 4; lastKnownFileType = sourcecode.c.objc; path = AIRGoogleMapCalloutSubviewManager.m; sourceTree = "<group>"; };
		A27E8E6F242DF1F100CD775B /* AIRGoogleMapCallout.m */ = {isa = PBXFileReference; fileEncoding = 4; lastKnownFileType = sourcecode.c.objc; path = AIRGoogleMapCallout.m; sourceTree = "<group>"; };
		A27E8E70242DF1F100CD775B /* AIRGoogleMapOverlayManager.m */ = {isa = PBXFileReference; fileEncoding = 4; lastKnownFileType = sourcecode.c.objc; path = AIRGoogleMapOverlayManager.m; sourceTree = "<group>"; };
		A27E8E71242DF1F100CD775B /* AIRGoogleMap.m */ = {isa = PBXFileReference; fileEncoding = 4; lastKnownFileType = sourcecode.c.objc; path = AIRGoogleMap.m; sourceTree = "<group>"; };
		A27E8E72242DF1F100CD775B /* AIRGoogleMapCircle.h */ = {isa = PBXFileReference; fileEncoding = 4; lastKnownFileType = sourcecode.c.h; path = AIRGoogleMapCircle.h; sourceTree = "<group>"; };
		A27E8E73242DF1F100CD775B /* AIRGoogleMapWMSTileManager.h */ = {isa = PBXFileReference; fileEncoding = 4; lastKnownFileType = sourcecode.c.h; path = AIRGoogleMapWMSTileManager.h; sourceTree = "<group>"; };
		A27E8E74242DF1F100CD775B /* AIRGoogleMapUrlTileManager.h */ = {isa = PBXFileReference; fileEncoding = 4; lastKnownFileType = sourcecode.c.h; path = AIRGoogleMapUrlTileManager.h; sourceTree = "<group>"; };
		A27E8E75242DF1F100CD775B /* AIRGoogleMapCircleManager.h */ = {isa = PBXFileReference; fileEncoding = 4; lastKnownFileType = sourcecode.c.h; path = AIRGoogleMapCircleManager.h; sourceTree = "<group>"; };
		A27E8E76242DF1F100CD775B /* AIRGoogleMapPolygon.m */ = {isa = PBXFileReference; fileEncoding = 4; lastKnownFileType = sourcecode.c.objc; path = AIRGoogleMapPolygon.m; sourceTree = "<group>"; };
		A27E8E77242DF1F100CD775B /* AIRGMSMarker.m */ = {isa = PBXFileReference; fileEncoding = 4; lastKnownFileType = sourcecode.c.objc; path = AIRGMSMarker.m; sourceTree = "<group>"; };
		A27E8E78242DF1F100CD775B /* AIRGoogleMapCalloutSubview.m */ = {isa = PBXFileReference; fileEncoding = 4; lastKnownFileType = sourcecode.c.objc; path = AIRGoogleMapCalloutSubview.m; sourceTree = "<group>"; };
		CCEE9154CD54B144D351C866 /* Pods-TEST0214Tests.release.xcconfig */ = {isa = PBXFileReference; includeInIndex = 1; lastKnownFileType = text.xcconfig; name = "Pods-TEST0214Tests.release.xcconfig"; path = "Target Support Files/Pods-TEST0214Tests/Pods-TEST0214Tests.release.xcconfig"; sourceTree = "<group>"; };
		D86B4C55B7B50AE57341B537 /* Pods-TEST0214Tests.debug.xcconfig */ = {isa = PBXFileReference; includeInIndex = 1; lastKnownFileType = text.xcconfig; name = "Pods-TEST0214Tests.debug.xcconfig"; path = "Target Support Files/Pods-TEST0214Tests/Pods-TEST0214Tests.debug.xcconfig"; sourceTree = "<group>"; };
		DA06EC6A5568BA51CDF9EAC4 /* libPods-TEST0214-tvOSTests.a */ = {isa = PBXFileReference; explicitFileType = archive.ar; includeInIndex = 0; path = "libPods-TEST0214-tvOSTests.a"; sourceTree = BUILT_PRODUCTS_DIR; };
		ED297162215061F000B7C4FE /* JavaScriptCore.framework */ = {isa = PBXFileReference; lastKnownFileType = wrapper.framework; name = JavaScriptCore.framework; path = System/Library/Frameworks/JavaScriptCore.framework; sourceTree = SDKROOT; };
		ED2971642150620600B7C4FE /* JavaScriptCore.framework */ = {isa = PBXFileReference; lastKnownFileType = wrapper.framework; name = JavaScriptCore.framework; path = Platforms/AppleTVOS.platform/Developer/SDKs/AppleTVOS12.0.sdk/System/Library/Frameworks/JavaScriptCore.framework; sourceTree = DEVELOPER_DIR; };
		F0AD645750D31553B5E7A380 /* Pods-TEST0214-tvOSTests.release.xcconfig */ = {isa = PBXFileReference; includeInIndex = 1; lastKnownFileType = text.xcconfig; name = "Pods-TEST0214-tvOSTests.release.xcconfig"; path = "Target Support Files/Pods-TEST0214-tvOSTests/Pods-TEST0214-tvOSTests.release.xcconfig"; sourceTree = "<group>"; };
		FAB0863F011BA7D2B81231D6 /* libPods-TEST0214-tvOS.a */ = {isa = PBXFileReference; explicitFileType = archive.ar; includeInIndex = 0; path = "libPods-TEST0214-tvOS.a"; sourceTree = BUILT_PRODUCTS_DIR; };
		FDB74181DFFFDC88CAD6EAC3 /* Pods-TEST0214.debug.xcconfig */ = {isa = PBXFileReference; includeInIndex = 1; lastKnownFileType = text.xcconfig; name = "Pods-TEST0214.debug.xcconfig"; path = "Target Support Files/Pods-TEST0214/Pods-TEST0214.debug.xcconfig"; sourceTree = "<group>"; };
/* End PBXFileReference section */

/* Begin PBXFrameworksBuildPhase section */
		00E356EB1AD99517003FC87E /* Frameworks */ = {
			isa = PBXFrameworksBuildPhase;
			buildActionMask = 2147483647;
			files = (
				0A2462A301F174128C5661FE /* libPods-TEST0214Tests.a in Frameworks */,
			);
			runOnlyForDeploymentPostprocessing = 0;
		};
		13B07F8C1A680F5B00A75B9A /* Frameworks */ = {
			isa = PBXFrameworksBuildPhase;
			buildActionMask = 2147483647;
			files = (
				40902111A73E8F5018C0C7C1 /* libPods-TEST0214.a in Frameworks */,
			);
			runOnlyForDeploymentPostprocessing = 0;
		};
		2D02E4781E0B4A5D006451C7 /* Frameworks */ = {
			isa = PBXFrameworksBuildPhase;
			buildActionMask = 2147483647;
			files = (
				3BCA629642C16A690A52589D /* libPods-TEST0214-tvOS.a in Frameworks */,
			);
			runOnlyForDeploymentPostprocessing = 0;
		};
		2D02E48D1E0B4A5D006451C7 /* Frameworks */ = {
			isa = PBXFrameworksBuildPhase;
			buildActionMask = 2147483647;
			files = (
				AB6ED5487302926F55897242 /* libPods-TEST0214-tvOSTests.a in Frameworks */,
			);
			runOnlyForDeploymentPostprocessing = 0;
		};
/* End PBXFrameworksBuildPhase section */

/* Begin PBXGroup section */
		00E356EF1AD99517003FC87E /* TEST0214Tests */ = {
			isa = PBXGroup;
			children = (
				00E356F21AD99517003FC87E /* TEST0214Tests.m */,
				00E356F01AD99517003FC87E /* Supporting Files */,
			);
			path = TEST0214Tests;
			sourceTree = "<group>";
		};
		00E356F01AD99517003FC87E /* Supporting Files */ = {
			isa = PBXGroup;
			children = (
				00E356F11AD99517003FC87E /* Info.plist */,
			);
			name = "Supporting Files";
			sourceTree = "<group>";
		};
		13B07FAE1A68108700A75B9A /* TEST0214 */ = {
			isa = PBXGroup;
			children = (
				3A560370241899CE00CBBF8F /* bundle */,
				3A608C6A2417337C00AD3647 /* Fonts */,
				008F07F21AC5B25A0029DE68 /* main.jsbundle */,
				13B07FAF1A68108700A75B9A /* AppDelegate.h */,
				13B07FB01A68108700A75B9A /* AppDelegate.m */,
				13B07FB51A68108700A75B9A /* Images.xcassets */,
				13B07FB61A68108700A75B9A /* Info.plist */,
				13B07FB11A68108700A75B9A /* LaunchScreen.xib */,
				13B07FB71A68108700A75B9A /* main.m */,
			);
			name = TEST0214;
			sourceTree = "<group>";
		};
		2D16E6871FA4F8E400B85C8A /* Frameworks */ = {
			isa = PBXGroup;
			children = (
				3A56037D2418B85F00CBBF8F /* libBackgroundGeolocation.a */,
				ED297162215061F000B7C4FE /* JavaScriptCore.framework */,
				ED2971642150620600B7C4FE /* JavaScriptCore.framework */,
				527AB24E23AE71EB1D6E03E4 /* libPods-TEST0214.a */,
				FAB0863F011BA7D2B81231D6 /* libPods-TEST0214-tvOS.a */,
				DA06EC6A5568BA51CDF9EAC4 /* libPods-TEST0214-tvOSTests.a */,
				7E8D3880115CAEA844889DE1 /* libPods-TEST0214Tests.a */,
			);
			name = Frameworks;
			sourceTree = "<group>";
		};
		3A5603742418B4E000CBBF8F /* Products */ = {
			isa = PBXGroup;
			children = (
				3A5603792418B4E100CBBF8F /* libRCTBackgroundGeolocation.a */,
			);
			name = Products;
			sourceTree = "<group>";
		};
		3A608C5F2417330200AD3647 /* Fonts */ = {
			isa = PBXGroup;
			children = (
				3A608C602417331B00AD3647 /* FontAwesome.ttf */,
				3A608C612417331B00AD3647 /* MaterialCommunityIcons.ttf */,
			);
			path = Fonts;
			sourceTree = "<group>";
		};
		3A608C6A2417337C00AD3647 /* Fonts */ = {
			isa = PBXGroup;
			children = (
				3A56036E241899B600CBBF8F /* bundle */,
				3A608C6B2417337C00AD3647 /* Fontisto.ttf */,
				3A608C6C2417337C00AD3647 /* Octicons.ttf */,
				3A608C6D2417337C00AD3647 /* Feather.ttf */,
				3A608C6E2417337C00AD3647 /* Entypo.ttf */,
				3A608C6F2417337C00AD3647 /* FontAwesome5_Brands.ttf */,
				3A608C702417337C00AD3647 /* MaterialCommunityIcons.ttf */,
				3A608C712417337C00AD3647 /* AntDesign.ttf */,
				3A608C722417337C00AD3647 /* Foundation.ttf */,
				3A608C732417337C00AD3647 /* Ionicons.ttf */,
				3A608C742417337C00AD3647 /* FontAwesome5_Solid.ttf */,
				3A608C752417337C00AD3647 /* FontAwesome5_Regular.ttf */,
				3A608C762417337C00AD3647 /* FontAwesome.ttf */,
				3A608C772417337C00AD3647 /* Zocial.ttf */,
				3A608C782417337C00AD3647 /* EvilIcons.ttf */,
				3A608C792417337C00AD3647 /* SimpleLineIcons.ttf */,
				3A608C7A2417337C00AD3647 /* MaterialIcons.ttf */,
			);
			name = Fonts;
			path = "../node_modules/react-native-vector-icons/Fonts";
			sourceTree = "<group>";
		};
		3A608CBC2417377100AD3647 /* Products */ = {
			isa = PBXGroup;
			children = (
				3A608CC02417377100AD3647 /* libRSSignatureCapture.a */,
			);
			name = Products;
			sourceTree = "<group>";
		};
		832341AE1AAA6A7D00B99B32 /* Libraries */ = {
			isa = PBXGroup;
			children = (
				3A5603732418B4E000CBBF8F /* RCTBackgroundGeolocation.xcodeproj */,
				3A608CBB2417377100AD3647 /* RSSignatureCapture.xcodeproj */,
			);
			name = Libraries;
			sourceTree = "<group>";
		};
		83CBB9F61A601CBA00E9B192 = {
			isa = PBXGroup;
			children = (
				A27E8E46242DF1F100CD775B /* AirGoogleMaps */,
				3A56036B241899A000CBBF8F /* bundle */,
				3A608C5F2417330200AD3647 /* Fonts */,
				13B07FAE1A68108700A75B9A /* TEST0214 */,
				832341AE1AAA6A7D00B99B32 /* Libraries */,
				00E356EF1AD99517003FC87E /* TEST0214Tests */,
				83CBBA001A601CBA00E9B192 /* Products */,
				2D16E6871FA4F8E400B85C8A /* Frameworks */,
				84556375C9664F98BB4E7FF4 /* Resources */,
				8B60A18B6508719C55423C7A /* Pods */,
			);
			indentWidth = 2;
			sourceTree = "<group>";
			tabWidth = 2;
			usesTabs = 0;
		};
		83CBBA001A601CBA00E9B192 /* Products */ = {
			isa = PBXGroup;
			children = (
				13B07F961A680F5B00A75B9A /* TEST0214.app */,
				00E356EE1AD99517003FC87E /* TEST0214Tests.xctest */,
				2D02E47B1E0B4A5D006451C7 /* TEST0214-tvOS.app */,
				2D02E4901E0B4A5D006451C7 /* TEST0214-tvOSTests.xctest */,
			);
			name = Products;
			sourceTree = "<group>";
		};
		84556375C9664F98BB4E7FF4 /* Resources */ = {
			isa = PBXGroup;
			children = (
			);
			name = Resources;
			sourceTree = "<group>";
		};
		8B60A18B6508719C55423C7A /* Pods */ = {
			isa = PBXGroup;
			children = (
				FDB74181DFFFDC88CAD6EAC3 /* Pods-TEST0214.debug.xcconfig */,
				8309B13C5AA4D515F06BD98D /* Pods-TEST0214.release.xcconfig */,
				688EEFB95C5A5531F062D991 /* Pods-TEST0214-tvOS.debug.xcconfig */,
				1C6BB395FF23E15D46C97986 /* Pods-TEST0214-tvOS.release.xcconfig */,
				478E6FE3664CCE00D704D15D /* Pods-TEST0214-tvOSTests.debug.xcconfig */,
				F0AD645750D31553B5E7A380 /* Pods-TEST0214-tvOSTests.release.xcconfig */,
				D86B4C55B7B50AE57341B537 /* Pods-TEST0214Tests.debug.xcconfig */,
				CCEE9154CD54B144D351C866 /* Pods-TEST0214Tests.release.xcconfig */,
			);
			path = Pods;
			sourceTree = "<group>";
		};
		A27E8E46242DF1F100CD775B /* AirGoogleMaps */ = {
			isa = PBXGroup;
			children = (
				A27E8E47242DF1F100CD775B /* AIRDummyView.m */,
				A27E8E48242DF1F100CD775B /* AIRGoogleMapWMSTile.h */,
				A27E8E49242DF1F100CD775B /* AIRGoogleMapPolyline.h */,
				A27E8E4A242DF1F100CD775B /* AIRGoogleMapUrlTile.m */,
				A27E8E4B242DF1F100CD775B /* AIRGoogleMapMarkerManager.h */,
				A27E8E4C242DF1F100CD775B /* AIRGoogleMapCalloutManager.h */,
				A27E8E4D242DF1F100CD775B /* AIRGoogleMapPolygonManager.m */,
				A27E8E4E242DF1F100CD775B /* RCTConvert+GMSMapViewType.h */,
				A27E8E4F242DF1F100CD775B /* AIRGoogleMapManager.h */,
				A27E8E50242DF1F100CD775B /* AIRGoogleMapMarker.m */,
				A27E8E51242DF1F100CD775B /* AIRGMSPolyline.h */,
				A27E8E52242DF1F100CD775B /* AIRGoogleMapPolylineManager.h */,
				A27E8E53242DF1F100CD775B /* AIRGoogleMapOverlay.h */,
				A27E8E54242DF1F100CD775B /* AIRGMSPolygon.m */,
				A27E8E55242DF1F100CD775B /* AIRGoogleMapURLTileManager.m */,
				A27E8E56242DF1F100CD775B /* AIRGoogleMapWMSTileManager.m */,
				A27E8E57242DF1F100CD775B /* AIRGoogleMapCircle.m */,
				A27E8E58242DF1F100CD775B /* AIRGoogleMap.h */,
				A27E8E59242DF1F100CD775B /* AIRGoogleMapOverlayManager.h */,
				A27E8E5A242DF1F100CD775B /* AIRGoogleMapCallout.h */,
				A27E8E5B242DF1F100CD775B /* AIRGoogleMapCalloutSubviewManager.h */,
				A27E8E5C242DF1F100CD775B /* AIRGoogleMapCalloutSubview.h */,
				A27E8E5D242DF1F100CD775B /* AIRGMSMarker.h */,
				A27E8E5E242DF1F100CD775B /* AIRGoogleMapCircleManager.m */,
				A27E8E5F242DF1F100CD775B /* AIRGoogleMapPolygon.h */,
				A27E8E60242DF1F100CD775B /* AIRGoogleMapCalloutManager.m */,
				A27E8E61242DF1F100CD775B /* AIRGoogleMapMarkerManager.m */,
				A27E8E62242DF1F100CD775B /* AIRGoogleMapUrlTile.h */,
				A27E8E63242DF1F100CD775B /* AIRGoogleMapPolyline.m */,
				A27E8E64242DF1F100CD775B /* AIRGoogleMapWMSTile.m */,
				A27E8E65242DF1F100CD775B /* AIRDummyView.h */,
				A27E8E66242DF1F100CD775B /* AIRGMSPolygon.h */,
				A27E8E67242DF1F100CD775B /* AIRGoogleMapOverlay.m */,
				A27E8E68242DF1F100CD775B /* AIRGMSPolyline.m */,
				A27E8E69242DF1F100CD775B /* AIRGoogleMapPolylineManager.m */,
				A27E8E6A242DF1F100CD775B /* AIRGoogleMapManager.m */,
				A27E8E6B242DF1F100CD775B /* AIRGoogleMapMarker.h */,
				A27E8E6C242DF1F100CD775B /* AIRGoogleMapPolygonManager.h */,
				A27E8E6D242DF1F100CD775B /* RCTConvert+GMSMapViewType.m */,
				A27E8E6E242DF1F100CD775B /* AIRGoogleMapCalloutSubviewManager.m */,
				A27E8E6F242DF1F100CD775B /* AIRGoogleMapCallout.m */,
				A27E8E70242DF1F100CD775B /* AIRGoogleMapOverlayManager.m */,
				A27E8E71242DF1F100CD775B /* AIRGoogleMap.m */,
				A27E8E72242DF1F100CD775B /* AIRGoogleMapCircle.h */,
				A27E8E73242DF1F100CD775B /* AIRGoogleMapWMSTileManager.h */,
				A27E8E74242DF1F100CD775B /* AIRGoogleMapUrlTileManager.h */,
				A27E8E75242DF1F100CD775B /* AIRGoogleMapCircleManager.h */,
				A27E8E76242DF1F100CD775B /* AIRGoogleMapPolygon.m */,
				A27E8E77242DF1F100CD775B /* AIRGMSMarker.m */,
				A27E8E78242DF1F100CD775B /* AIRGoogleMapCalloutSubview.m */,
			);
			name = AirGoogleMaps;
			path = "../node_modules/react-native-maps/lib/ios/AirGoogleMaps";
			sourceTree = "<group>";
		};
/* End PBXGroup section */

/* Begin PBXNativeTarget section */
		00E356ED1AD99517003FC87E /* TEST0214Tests */ = {
			isa = PBXNativeTarget;
			buildConfigurationList = 00E357021AD99517003FC87E /* Build configuration list for PBXNativeTarget "TEST0214Tests" */;
			buildPhases = (
				3107AEBBECC9A1533F05816A /* [CP] Check Pods Manifest.lock */,
				00E356EA1AD99517003FC87E /* Sources */,
				00E356EB1AD99517003FC87E /* Frameworks */,
				00E356EC1AD99517003FC87E /* Resources */,
			);
			buildRules = (
			);
			dependencies = (
				00E356F51AD99517003FC87E /* PBXTargetDependency */,
			);
			name = TEST0214Tests;
			productName = TEST0214Tests;
			productReference = 00E356EE1AD99517003FC87E /* TEST0214Tests.xctest */;
			productType = "com.apple.product-type.bundle.unit-test";
		};
		13B07F861A680F5B00A75B9A /* TEST0214 */ = {
			isa = PBXNativeTarget;
			buildConfigurationList = 13B07F931A680F5B00A75B9A /* Build configuration list for PBXNativeTarget "TEST0214" */;
			buildPhases = (
				6FF85C94660B2E2A26966548 /* [CP] Check Pods Manifest.lock */,
				FD10A7F022414F080027D42C /* Start Packager */,
				13B07F871A680F5B00A75B9A /* Sources */,
				13B07F8C1A680F5B00A75B9A /* Frameworks */,
				13B07F8E1A680F5B00A75B9A /* Resources */,
				00DD1BFF1BD5951E006B06BC /* Bundle React Native code and images */,
				466B5B719BADE3D34E112D45 /* [CP] Copy Pods Resources */,
			);
			buildRules = (
			);
			dependencies = (
			);
			name = TEST0214;
			productName = TEST0214;
			productReference = 13B07F961A680F5B00A75B9A /* TEST0214.app */;
			productType = "com.apple.product-type.application";
		};
		2D02E47A1E0B4A5D006451C7 /* TEST0214-tvOS */ = {
			isa = PBXNativeTarget;
			buildConfigurationList = 2D02E4BA1E0B4A5E006451C7 /* Build configuration list for PBXNativeTarget "TEST0214-tvOS" */;
			buildPhases = (
				1E929CC79D212A4290746966 /* [CP] Check Pods Manifest.lock */,
				FD10A7F122414F3F0027D42C /* Start Packager */,
				2D02E4771E0B4A5D006451C7 /* Sources */,
				2D02E4781E0B4A5D006451C7 /* Frameworks */,
				2D02E4791E0B4A5D006451C7 /* Resources */,
				2D02E4CB1E0B4B27006451C7 /* Bundle React Native Code And Images */,
			);
			buildRules = (
			);
			dependencies = (
			);
			name = "TEST0214-tvOS";
			productName = "TEST0214-tvOS";
			productReference = 2D02E47B1E0B4A5D006451C7 /* TEST0214-tvOS.app */;
			productType = "com.apple.product-type.application";
		};
		2D02E48F1E0B4A5D006451C7 /* TEST0214-tvOSTests */ = {
			isa = PBXNativeTarget;
			buildConfigurationList = 2D02E4BB1E0B4A5E006451C7 /* Build configuration list for PBXNativeTarget "TEST0214-tvOSTests" */;
			buildPhases = (
				00C636F14A484F00222041CA /* [CP] Check Pods Manifest.lock */,
				2D02E48C1E0B4A5D006451C7 /* Sources */,
				2D02E48D1E0B4A5D006451C7 /* Frameworks */,
				2D02E48E1E0B4A5D006451C7 /* Resources */,
			);
			buildRules = (
			);
			dependencies = (
				2D02E4921E0B4A5D006451C7 /* PBXTargetDependency */,
			);
			name = "TEST0214-tvOSTests";
			productName = "TEST0214-tvOSTests";
			productReference = 2D02E4901E0B4A5D006451C7 /* TEST0214-tvOSTests.xctest */;
			productType = "com.apple.product-type.bundle.unit-test";
		};
/* End PBXNativeTarget section */

/* Begin PBXProject section */
		83CBB9F71A601CBA00E9B192 /* Project object */ = {
			isa = PBXProject;
			attributes = {
				LastUpgradeCheck = 1130;
				ORGANIZATIONNAME = Facebook;
				TargetAttributes = {
					00E356ED1AD99517003FC87E = {
						CreatedOnToolsVersion = 6.2;
						TestTargetID = 13B07F861A680F5B00A75B9A;
					};
					13B07F861A680F5B00A75B9A = {
						DevelopmentTeam = V5ZUWPFB7D;
					};
					2D02E47A1E0B4A5D006451C7 = {
						CreatedOnToolsVersion = 8.2.1;
						ProvisioningStyle = Automatic;
					};
					2D02E48F1E0B4A5D006451C7 = {
						CreatedOnToolsVersion = 8.2.1;
						ProvisioningStyle = Automatic;
						TestTargetID = 2D02E47A1E0B4A5D006451C7;
					};
				};
			};
			buildConfigurationList = 83CBB9FA1A601CBA00E9B192 /* Build configuration list for PBXProject "TEST0214" */;
			compatibilityVersion = "Xcode 3.2";
			developmentRegion = en;
			hasScannedForEncodings = 0;
			knownRegions = (
				en,
				Base,
			);
			mainGroup = 83CBB9F61A601CBA00E9B192;
			productRefGroup = 83CBBA001A601CBA00E9B192 /* Products */;
			projectDirPath = "";
			projectReferences = (
				{
					ProductGroup = 3A5603742418B4E000CBBF8F /* Products */;
					ProjectRef = 3A5603732418B4E000CBBF8F /* RCTBackgroundGeolocation.xcodeproj */;
				},
				{
					ProductGroup = 3A608CBC2417377100AD3647 /* Products */;
					ProjectRef = 3A608CBB2417377100AD3647 /* RSSignatureCapture.xcodeproj */;
				},
			);
			projectRoot = "";
			targets = (
				13B07F861A680F5B00A75B9A /* TEST0214 */,
				00E356ED1AD99517003FC87E /* TEST0214Tests */,
				2D02E47A1E0B4A5D006451C7 /* TEST0214-tvOS */,
				2D02E48F1E0B4A5D006451C7 /* TEST0214-tvOSTests */,
			);
		};
/* End PBXProject section */

/* Begin PBXReferenceProxy section */
		3A5603792418B4E100CBBF8F /* libRCTBackgroundGeolocation.a */ = {
			isa = PBXReferenceProxy;
			fileType = archive.ar;
			path = libRCTBackgroundGeolocation.a;
			remoteRef = 3A5603782418B4E100CBBF8F /* PBXContainerItemProxy */;
			sourceTree = BUILT_PRODUCTS_DIR;
		};
		3A608CC02417377100AD3647 /* libRSSignatureCapture.a */ = {
			isa = PBXReferenceProxy;
			fileType = archive.ar;
			path = libRSSignatureCapture.a;
			remoteRef = 3A608CBF2417377100AD3647 /* PBXContainerItemProxy */;
			sourceTree = BUILT_PRODUCTS_DIR;
		};
/* End PBXReferenceProxy section */

/* Begin PBXResourcesBuildPhase section */
		00E356EC1AD99517003FC87E /* Resources */ = {
			isa = PBXResourcesBuildPhase;
			buildActionMask = 2147483647;
			files = (
				3A608C7C2417337C00AD3647 /* Fontisto.ttf in Resources */,
				3A608CA82417337C00AD3647 /* FontAwesome.ttf in Resources */,
				3A608C982417337C00AD3647 /* Foundation.ttf in Resources */,
				3A608CA42417337C00AD3647 /* FontAwesome5_Regular.ttf in Resources */,
				3A608C9C2417337C00AD3647 /* Ionicons.ttf in Resources */,
				3A608CB02417337C00AD3647 /* EvilIcons.ttf in Resources */,
				3A608C882417337C00AD3647 /* Entypo.ttf in Resources */,
				3A608C672417331B00AD3647 /* MaterialCommunityIcons.ttf in Resources */,
				3A608CAC2417337C00AD3647 /* Zocial.ttf in Resources */,
				3A608CB42417337C00AD3647 /* SimpleLineIcons.ttf in Resources */,
				3A608C842417337C00AD3647 /* Feather.ttf in Resources */,
				3A608C802417337C00AD3647 /* Octicons.ttf in Resources */,
				3A608C8C2417337C00AD3647 /* FontAwesome5_Brands.ttf in Resources */,
				3A608C942417337C00AD3647 /* AntDesign.ttf in Resources */,
				3A608CB82417337C00AD3647 /* MaterialIcons.ttf in Resources */,
				3A608CA02417337C00AD3647 /* FontAwesome5_Solid.ttf in Resources */,
			);
			runOnlyForDeploymentPostprocessing = 0;
		};
		13B07F8E1A680F5B00A75B9A /* Resources */ = {
			isa = PBXResourcesBuildPhase;
			buildActionMask = 2147483647;
			files = (
				3A560371241899CE00CBBF8F /* bundle in Resources */,
				3A56036F241899B700CBBF8F /* bundle in Resources */,
				13B07FBF1A68108700A75B9A /* Images.xcassets in Resources */,
				3A56036D241899A100CBBF8F /* bundle in Resources */,
				13B07FBD1A68108700A75B9A /* LaunchScreen.xib in Resources */,
			);
			runOnlyForDeploymentPostprocessing = 0;
		};
		2D02E4791E0B4A5D006451C7 /* Resources */ = {
			isa = PBXResourcesBuildPhase;
			buildActionMask = 2147483647;
			files = (
				3A608CA52417337C00AD3647 /* FontAwesome5_Regular.ttf in Resources */,
				3A608C812417337C00AD3647 /* Octicons.ttf in Resources */,
				3A608C8D2417337C00AD3647 /* FontAwesome5_Brands.ttf in Resources */,
				3A608C9D2417337C00AD3647 /* Ionicons.ttf in Resources */,
				3A608CB92417337C00AD3647 /* MaterialIcons.ttf in Resources */,
				3A608CA12417337C00AD3647 /* FontAwesome5_Solid.ttf in Resources */,
				3A608CB52417337C00AD3647 /* SimpleLineIcons.ttf in Resources */,
				3A608C892417337C00AD3647 /* Entypo.ttf in Resources */,
				2D02E4BD1E0B4A84006451C7 /* Images.xcassets in Resources */,
				3A608C952417337C00AD3647 /* AntDesign.ttf in Resources */,
				3A608CAD2417337C00AD3647 /* Zocial.ttf in Resources */,
				3A608C992417337C00AD3647 /* Foundation.ttf in Resources */,
				3A608C852417337C00AD3647 /* Feather.ttf in Resources */,
				3A608CB12417337C00AD3647 /* EvilIcons.ttf in Resources */,
				3A608C682417331B00AD3647 /* MaterialCommunityIcons.ttf in Resources */,
				3A608CA92417337C00AD3647 /* FontAwesome.ttf in Resources */,
				3A608C7D2417337C00AD3647 /* Fontisto.ttf in Resources */,
			);
			runOnlyForDeploymentPostprocessing = 0;
		};
		2D02E48E1E0B4A5D006451C7 /* Resources */ = {
			isa = PBXResourcesBuildPhase;
			buildActionMask = 2147483647;
			files = (
				3A608C7E2417337C00AD3647 /* Fontisto.ttf in Resources */,
				3A608CAA2417337C00AD3647 /* FontAwesome.ttf in Resources */,
				3A608C9A2417337C00AD3647 /* Foundation.ttf in Resources */,
				3A608CA62417337C00AD3647 /* FontAwesome5_Regular.ttf in Resources */,
				3A608C9E2417337C00AD3647 /* Ionicons.ttf in Resources */,
				3A608CB22417337C00AD3647 /* EvilIcons.ttf in Resources */,
				3A608C8A2417337C00AD3647 /* Entypo.ttf in Resources */,
				3A608C692417331B00AD3647 /* MaterialCommunityIcons.ttf in Resources */,
				3A608CAE2417337C00AD3647 /* Zocial.ttf in Resources */,
				3A608CB62417337C00AD3647 /* SimpleLineIcons.ttf in Resources */,
				3A608C862417337C00AD3647 /* Feather.ttf in Resources */,
				3A608C822417337C00AD3647 /* Octicons.ttf in Resources */,
				3A608C8E2417337C00AD3647 /* FontAwesome5_Brands.ttf in Resources */,
				3A608C962417337C00AD3647 /* AntDesign.ttf in Resources */,
				3A608CBA2417337C00AD3647 /* MaterialIcons.ttf in Resources */,
				3A608CA22417337C00AD3647 /* FontAwesome5_Solid.ttf in Resources */,
			);
			runOnlyForDeploymentPostprocessing = 0;
		};
/* End PBXResourcesBuildPhase section */

/* Begin PBXShellScriptBuildPhase section */
		00C636F14A484F00222041CA /* [CP] Check Pods Manifest.lock */ = {
			isa = PBXShellScriptBuildPhase;
			buildActionMask = 2147483647;
			files = (
			);
			inputFileListPaths = (
			);
			inputPaths = (
				"${PODS_PODFILE_DIR_PATH}/Podfile.lock",
				"${PODS_ROOT}/Manifest.lock",
			);
			name = "[CP] Check Pods Manifest.lock";
			outputFileListPaths = (
			);
			outputPaths = (
				"$(DERIVED_FILE_DIR)/Pods-TEST0214-tvOSTests-checkManifestLockResult.txt",
			);
			runOnlyForDeploymentPostprocessing = 0;
			shellPath = /bin/sh;
			shellScript = "diff \"${PODS_PODFILE_DIR_PATH}/Podfile.lock\" \"${PODS_ROOT}/Manifest.lock\" > /dev/null\nif [ $? != 0 ] ; then\n    # print error to STDERR\n    echo \"error: The sandbox is not in sync with the Podfile.lock. Run 'pod install' or update your CocoaPods installation.\" >&2\n    exit 1\nfi\n# This output is used by Xcode 'outputs' to avoid re-running this script phase.\necho \"SUCCESS\" > \"${SCRIPT_OUTPUT_FILE_0}\"\n";
			showEnvVarsInLog = 0;
		};
		00DD1BFF1BD5951E006B06BC /* Bundle React Native code and images */ = {
			isa = PBXShellScriptBuildPhase;
			buildActionMask = 2147483647;
			files = (
			);
			inputPaths = (
			);
			name = "Bundle React Native code and images";
			outputPaths = (
			);
			runOnlyForDeploymentPostprocessing = 0;
			shellPath = /bin/sh;
			shellScript = "export NODE_BINARY=node\n../node_modules/react-native/scripts/react-native-xcode.sh\n";
		};
		1E929CC79D212A4290746966 /* [CP] Check Pods Manifest.lock */ = {
			isa = PBXShellScriptBuildPhase;
			buildActionMask = 2147483647;
			files = (
			);
			inputFileListPaths = (
			);
			inputPaths = (
				"${PODS_PODFILE_DIR_PATH}/Podfile.lock",
				"${PODS_ROOT}/Manifest.lock",
			);
			name = "[CP] Check Pods Manifest.lock";
			outputFileListPaths = (
			);
			outputPaths = (
				"$(DERIVED_FILE_DIR)/Pods-TEST0214-tvOS-checkManifestLockResult.txt",
			);
			runOnlyForDeploymentPostprocessing = 0;
			shellPath = /bin/sh;
			shellScript = "diff \"${PODS_PODFILE_DIR_PATH}/Podfile.lock\" \"${PODS_ROOT}/Manifest.lock\" > /dev/null\nif [ $? != 0 ] ; then\n    # print error to STDERR\n    echo \"error: The sandbox is not in sync with the Podfile.lock. Run 'pod install' or update your CocoaPods installation.\" >&2\n    exit 1\nfi\n# This output is used by Xcode 'outputs' to avoid re-running this script phase.\necho \"SUCCESS\" > \"${SCRIPT_OUTPUT_FILE_0}\"\n";
			showEnvVarsInLog = 0;
		};
		2D02E4CB1E0B4B27006451C7 /* Bundle React Native Code And Images */ = {
			isa = PBXShellScriptBuildPhase;
			buildActionMask = 2147483647;
			files = (
			);
			inputPaths = (
			);
			name = "Bundle React Native Code And Images";
			outputPaths = (
			);
			runOnlyForDeploymentPostprocessing = 0;
			shellPath = /bin/sh;
			shellScript = "export NODE_BINARY=node\n../node_modules/react-native/scripts/react-native-xcode.sh";
		};
		3107AEBBECC9A1533F05816A /* [CP] Check Pods Manifest.lock */ = {
			isa = PBXShellScriptBuildPhase;
			buildActionMask = 2147483647;
			files = (
			);
			inputFileListPaths = (
			);
			inputPaths = (
				"${PODS_PODFILE_DIR_PATH}/Podfile.lock",
				"${PODS_ROOT}/Manifest.lock",
			);
			name = "[CP] Check Pods Manifest.lock";
			outputFileListPaths = (
			);
			outputPaths = (
				"$(DERIVED_FILE_DIR)/Pods-TEST0214Tests-checkManifestLockResult.txt",
			);
			runOnlyForDeploymentPostprocessing = 0;
			shellPath = /bin/sh;
			shellScript = "diff \"${PODS_PODFILE_DIR_PATH}/Podfile.lock\" \"${PODS_ROOT}/Manifest.lock\" > /dev/null\nif [ $? != 0 ] ; then\n    # print error to STDERR\n    echo \"error: The sandbox is not in sync with the Podfile.lock. Run 'pod install' or update your CocoaPods installation.\" >&2\n    exit 1\nfi\n# This output is used by Xcode 'outputs' to avoid re-running this script phase.\necho \"SUCCESS\" > \"${SCRIPT_OUTPUT_FILE_0}\"\n";
			showEnvVarsInLog = 0;
		};
		466B5B719BADE3D34E112D45 /* [CP] Copy Pods Resources */ = {
			isa = PBXShellScriptBuildPhase;
			buildActionMask = 2147483647;
			files = (
			);
			inputPaths = (
				"${PODS_ROOT}/Target Support Files/Pods-TEST0214/Pods-TEST0214-resources.sh",
				"${PODS_ROOT}/GoogleMaps/Maps/Frameworks/GoogleMaps.framework/Resources/GoogleMaps.bundle",
				"${PODS_ROOT}/../../node_modules/react-native-vector-icons/Fonts/AntDesign.ttf",
				"${PODS_ROOT}/../../node_modules/react-native-vector-icons/Fonts/Entypo.ttf",
				"${PODS_ROOT}/../../node_modules/react-native-vector-icons/Fonts/EvilIcons.ttf",
				"${PODS_ROOT}/../../node_modules/react-native-vector-icons/Fonts/Feather.ttf",
				"${PODS_ROOT}/../../node_modules/react-native-vector-icons/Fonts/FontAwesome.ttf",
				"${PODS_ROOT}/../../node_modules/react-native-vector-icons/Fonts/FontAwesome5_Brands.ttf",
				"${PODS_ROOT}/../../node_modules/react-native-vector-icons/Fonts/FontAwesome5_Regular.ttf",
				"${PODS_ROOT}/../../node_modules/react-native-vector-icons/Fonts/FontAwesome5_Solid.ttf",
				"${PODS_ROOT}/../../node_modules/react-native-vector-icons/Fonts/Fontisto.ttf",
				"${PODS_ROOT}/../../node_modules/react-native-vector-icons/Fonts/Foundation.ttf",
				"${PODS_ROOT}/../../node_modules/react-native-vector-icons/Fonts/Ionicons.ttf",
				"${PODS_ROOT}/../../node_modules/react-native-vector-icons/Fonts/MaterialCommunityIcons.ttf",
				"${PODS_ROOT}/../../node_modules/react-native-vector-icons/Fonts/MaterialIcons.ttf",
				"${PODS_ROOT}/../../node_modules/react-native-vector-icons/Fonts/Octicons.ttf",
				"${PODS_ROOT}/../../node_modules/react-native-vector-icons/Fonts/SimpleLineIcons.ttf",
				"${PODS_ROOT}/../../node_modules/react-native-vector-icons/Fonts/Zocial.ttf",
			);
			name = "[CP] Copy Pods Resources";
			outputPaths = (
				"${TARGET_BUILD_DIR}/${UNLOCALIZED_RESOURCES_FOLDER_PATH}/GoogleMaps.bundle",
				"${TARGET_BUILD_DIR}/${UNLOCALIZED_RESOURCES_FOLDER_PATH}/AntDesign.ttf",
				"${TARGET_BUILD_DIR}/${UNLOCALIZED_RESOURCES_FOLDER_PATH}/Entypo.ttf",
				"${TARGET_BUILD_DIR}/${UNLOCALIZED_RESOURCES_FOLDER_PATH}/EvilIcons.ttf",
				"${TARGET_BUILD_DIR}/${UNLOCALIZED_RESOURCES_FOLDER_PATH}/Feather.ttf",
				"${TARGET_BUILD_DIR}/${UNLOCALIZED_RESOURCES_FOLDER_PATH}/FontAwesome.ttf",
				"${TARGET_BUILD_DIR}/${UNLOCALIZED_RESOURCES_FOLDER_PATH}/FontAwesome5_Brands.ttf",
				"${TARGET_BUILD_DIR}/${UNLOCALIZED_RESOURCES_FOLDER_PATH}/FontAwesome5_Regular.ttf",
				"${TARGET_BUILD_DIR}/${UNLOCALIZED_RESOURCES_FOLDER_PATH}/FontAwesome5_Solid.ttf",
				"${TARGET_BUILD_DIR}/${UNLOCALIZED_RESOURCES_FOLDER_PATH}/Fontisto.ttf",
				"${TARGET_BUILD_DIR}/${UNLOCALIZED_RESOURCES_FOLDER_PATH}/Foundation.ttf",
				"${TARGET_BUILD_DIR}/${UNLOCALIZED_RESOURCES_FOLDER_PATH}/Ionicons.ttf",
				"${TARGET_BUILD_DIR}/${UNLOCALIZED_RESOURCES_FOLDER_PATH}/MaterialCommunityIcons.ttf",
				"${TARGET_BUILD_DIR}/${UNLOCALIZED_RESOURCES_FOLDER_PATH}/MaterialIcons.ttf",
				"${TARGET_BUILD_DIR}/${UNLOCALIZED_RESOURCES_FOLDER_PATH}/Octicons.ttf",
				"${TARGET_BUILD_DIR}/${UNLOCALIZED_RESOURCES_FOLDER_PATH}/SimpleLineIcons.ttf",
				"${TARGET_BUILD_DIR}/${UNLOCALIZED_RESOURCES_FOLDER_PATH}/Zocial.ttf",
			);
			runOnlyForDeploymentPostprocessing = 0;
			shellPath = /bin/sh;
			shellScript = "\"${PODS_ROOT}/Target Support Files/Pods-TEST0214/Pods-TEST0214-resources.sh\"\n";
			showEnvVarsInLog = 0;
		};
		6FF85C94660B2E2A26966548 /* [CP] Check Pods Manifest.lock */ = {
			isa = PBXShellScriptBuildPhase;
			buildActionMask = 2147483647;
			files = (
			);
			inputFileListPaths = (
			);
			inputPaths = (
				"${PODS_PODFILE_DIR_PATH}/Podfile.lock",
				"${PODS_ROOT}/Manifest.lock",
			);
			name = "[CP] Check Pods Manifest.lock";
			outputFileListPaths = (
			);
			outputPaths = (
				"$(DERIVED_FILE_DIR)/Pods-TEST0214-checkManifestLockResult.txt",
			);
			runOnlyForDeploymentPostprocessing = 0;
			shellPath = /bin/sh;
			shellScript = "diff \"${PODS_PODFILE_DIR_PATH}/Podfile.lock\" \"${PODS_ROOT}/Manifest.lock\" > /dev/null\nif [ $? != 0 ] ; then\n    # print error to STDERR\n    echo \"error: The sandbox is not in sync with the Podfile.lock. Run 'pod install' or update your CocoaPods installation.\" >&2\n    exit 1\nfi\n# This output is used by Xcode 'outputs' to avoid re-running this script phase.\necho \"SUCCESS\" > \"${SCRIPT_OUTPUT_FILE_0}\"\n";
			showEnvVarsInLog = 0;
		};
		FD10A7F022414F080027D42C /* Start Packager */ = {
			isa = PBXShellScriptBuildPhase;
			buildActionMask = 2147483647;
			files = (
			);
			inputFileListPaths = (
			);
			inputPaths = (
			);
			name = "Start Packager";
			outputFileListPaths = (
			);
			outputPaths = (
			);
			runOnlyForDeploymentPostprocessing = 0;
			shellPath = /bin/sh;
			shellScript = "export RCT_METRO_PORT=\"${RCT_METRO_PORT:=8081}\"\necho \"export RCT_METRO_PORT=${RCT_METRO_PORT}\" > \"${SRCROOT}/../node_modules/react-native/scripts/.packager.env\"\nif [ -z \"${RCT_NO_LAUNCH_PACKAGER+xxx}\" ] ; then\n  if nc -w 5 -z localhost ${RCT_METRO_PORT} ; then\n    if ! curl -s \"http://localhost:${RCT_METRO_PORT}/status\" | grep -q \"packager-status:running\" ; then\n      echo \"Port ${RCT_METRO_PORT} already in use, packager is either not running or not running correctly\"\n      exit 2\n    fi\n  else\n    open \"$SRCROOT/../node_modules/react-native/scripts/launchPackager.command\" || echo \"Can't start packager automatically\"\n  fi\nfi\n";
			showEnvVarsInLog = 0;
		};
		FD10A7F122414F3F0027D42C /* Start Packager */ = {
			isa = PBXShellScriptBuildPhase;
			buildActionMask = 2147483647;
			files = (
			);
			inputFileListPaths = (
			);
			inputPaths = (
			);
			name = "Start Packager";
			outputFileListPaths = (
			);
			outputPaths = (
			);
			runOnlyForDeploymentPostprocessing = 0;
			shellPath = /bin/sh;
			shellScript = "export RCT_METRO_PORT=\"${RCT_METRO_PORT:=8081}\"\necho \"export RCT_METRO_PORT=${RCT_METRO_PORT}\" > \"${SRCROOT}/../node_modules/react-native/scripts/.packager.env\"\nif [ -z \"${RCT_NO_LAUNCH_PACKAGER+xxx}\" ] ; then\n  if nc -w 5 -z localhost ${RCT_METRO_PORT} ; then\n    if ! curl -s \"http://localhost:${RCT_METRO_PORT}/status\" | grep -q \"packager-status:running\" ; then\n      echo \"Port ${RCT_METRO_PORT} already in use, packager is either not running or not running correctly\"\n      exit 2\n    fi\n  else\n    open \"$SRCROOT/../node_modules/react-native/scripts/launchPackager.command\" || echo \"Can't start packager automatically\"\n  fi\nfi\n";
			showEnvVarsInLog = 0;
		};
/* End PBXShellScriptBuildPhase section */

/* Begin PBXSourcesBuildPhase section */
		00E356EA1AD99517003FC87E /* Sources */ = {
			isa = PBXSourcesBuildPhase;
			buildActionMask = 2147483647;
			files = (
				00E356F31AD99517003FC87E /* TEST0214Tests.m in Sources */,
			);
			runOnlyForDeploymentPostprocessing = 0;
		};
		13B07F871A680F5B00A75B9A /* Sources */ = {
			isa = PBXSourcesBuildPhase;
			buildActionMask = 2147483647;
			files = (
				A27E8E8E242DF1F100CD775B /* AIRGoogleMap.m in Sources */,
				A27E8E7A242DF1F100CD775B /* AIRGoogleMapUrlTile.m in Sources */,
				A27E8E85242DF1F100CD775B /* AIRGoogleMapWMSTile.m in Sources */,
				A27E8E7B242DF1F100CD775B /* AIRGoogleMapPolygonManager.m in Sources */,
				A27E8E87242DF1F100CD775B /* AIRGMSPolyline.m in Sources */,
				A27E8E91242DF1F100CD775B /* AIRGoogleMapCalloutSubview.m in Sources */,
				A27E8E7E242DF1F100CD775B /* AIRGoogleMapURLTileManager.m in Sources */,
				A27E8E83242DF1F100CD775B /* AIRGoogleMapMarkerManager.m in Sources */,
				A27E8E7C242DF1F100CD775B /* AIRGoogleMapMarker.m in Sources */,
				A27E8E90242DF1F100CD775B /* AIRGMSMarker.m in Sources */,
				A27E8E8F242DF1F100CD775B /* AIRGoogleMapPolygon.m in Sources */,
				A27E8E79242DF1F100CD775B /* AIRDummyView.m in Sources */,
				A27E8E84242DF1F100CD775B /* AIRGoogleMapPolyline.m in Sources */,
				A27E8E7D242DF1F100CD775B /* AIRGMSPolygon.m in Sources */,
				A27E8E86242DF1F100CD775B /* AIRGoogleMapOverlay.m in Sources */,
				A27E8E8C242DF1F100CD775B /* AIRGoogleMapCallout.m in Sources */,
				A27E8E80242DF1F100CD775B /* AIRGoogleMapCircle.m in Sources */,
				A27E8E81242DF1F100CD775B /* AIRGoogleMapCircleManager.m in Sources */,
				A27E8E8A242DF1F100CD775B /* RCTConvert+GMSMapViewType.m in Sources */,
				A27E8E7F242DF1F100CD775B /* AIRGoogleMapWMSTileManager.m in Sources */,
				A27E8E8B242DF1F100CD775B /* AIRGoogleMapCalloutSubviewManager.m in Sources */,
				A27E8E88242DF1F100CD775B /* AIRGoogleMapPolylineManager.m in Sources */,
				A27E8E82242DF1F100CD775B /* AIRGoogleMapCalloutManager.m in Sources */,
				13B07FBC1A68108700A75B9A /* AppDelegate.m in Sources */,
				A27E8E8D242DF1F100CD775B /* AIRGoogleMapOverlayManager.m in Sources */,
				A27E8E89242DF1F100CD775B /* AIRGoogleMapManager.m in Sources */,
				13B07FC11A68108700A75B9A /* main.m in Sources */,
			);
			runOnlyForDeploymentPostprocessing = 0;
		};
		2D02E4771E0B4A5D006451C7 /* Sources */ = {
			isa = PBXSourcesBuildPhase;
			buildActionMask = 2147483647;
			files = (
				2D02E4BF1E0B4AB3006451C7 /* main.m in Sources */,
				2D02E4BC1E0B4A80006451C7 /* AppDelegate.m in Sources */,
			);
			runOnlyForDeploymentPostprocessing = 0;
		};
		2D02E48C1E0B4A5D006451C7 /* Sources */ = {
			isa = PBXSourcesBuildPhase;
			buildActionMask = 2147483647;
			files = (
				2DCD954D1E0B4F2C00145EB5 /* TEST0214Tests.m in Sources */,
			);
			runOnlyForDeploymentPostprocessing = 0;
		};
/* End PBXSourcesBuildPhase section */

/* Begin PBXTargetDependency section */
		00E356F51AD99517003FC87E /* PBXTargetDependency */ = {
			isa = PBXTargetDependency;
			target = 13B07F861A680F5B00A75B9A /* TEST0214 */;
			targetProxy = 00E356F41AD99517003FC87E /* PBXContainerItemProxy */;
		};
		2D02E4921E0B4A5D006451C7 /* PBXTargetDependency */ = {
			isa = PBXTargetDependency;
			target = 2D02E47A1E0B4A5D006451C7 /* TEST0214-tvOS */;
			targetProxy = 2D02E4911E0B4A5D006451C7 /* PBXContainerItemProxy */;
		};
/* End PBXTargetDependency section */

/* Begin PBXVariantGroup section */
		13B07FB11A68108700A75B9A /* LaunchScreen.xib */ = {
			isa = PBXVariantGroup;
			children = (
				13B07FB21A68108700A75B9A /* Base */,
			);
			name = LaunchScreen.xib;
			path = TEST0214;
			sourceTree = "<group>";
		};
/* End PBXVariantGroup section */

/* Begin XCBuildConfiguration section */
		00E356F61AD99517003FC87E /* Debug */ = {
			isa = XCBuildConfiguration;
			baseConfigurationReference = D86B4C55B7B50AE57341B537 /* Pods-TEST0214Tests.debug.xcconfig */;
			buildSettings = {
				BUNDLE_LOADER = "$(TEST_HOST)";
				GCC_PREPROCESSOR_DEFINITIONS = (
					"DEBUG=1",
					"$(inherited)",
				);
				INFOPLIST_FILE = TEST0214Tests/Info.plist;
				IPHONEOS_DEPLOYMENT_TARGET = 9.0;
				LD_RUNPATH_SEARCH_PATHS = "$(inherited) @executable_path/Frameworks @loader_path/Frameworks";
				OTHER_LDFLAGS = (
					"-ObjC",
					"-lc++",
					"$(inherited)",
				);
				PRODUCT_BUNDLE_IDENTIFIER = "org.reactjs.native.example.$(PRODUCT_NAME:rfc1034identifier)";
				PRODUCT_NAME = "$(TARGET_NAME)";
				TEST_HOST = "$(BUILT_PRODUCTS_DIR)/TEST0214.app/TEST0214";
			};
			name = Debug;
		};
		00E356F71AD99517003FC87E /* Release */ = {
			isa = XCBuildConfiguration;
			baseConfigurationReference = CCEE9154CD54B144D351C866 /* Pods-TEST0214Tests.release.xcconfig */;
			buildSettings = {
				BUNDLE_LOADER = "$(TEST_HOST)";
				"CODE_SIGN_IDENTITY[sdk=macosx*]" = "-";
				COPY_PHASE_STRIP = NO;
				DEVELOPMENT_TEAM = V5ZUWPFB7D;
				INFOPLIST_FILE = TEST0214Tests/Info.plist;
				IPHONEOS_DEPLOYMENT_TARGET = 9.0;
				LD_RUNPATH_SEARCH_PATHS = "$(inherited) @executable_path/Frameworks @loader_path/Frameworks";
				OTHER_LDFLAGS = (
					"-ObjC",
					"-lc++",
					"$(inherited)",
				);
				PRODUCT_BUNDLE_IDENTIFIER = "org.reactjs.native.example.$(PRODUCT_NAME:rfc1034identifier)";
				PRODUCT_NAME = "$(TARGET_NAME)";
				TEST_HOST = "$(BUILT_PRODUCTS_DIR)/TEST0214.app/TEST0214";
			};
			name = Release;
		};
		13B07F941A680F5B00A75B9A /* Debug */ = {
			isa = XCBuildConfiguration;
			baseConfigurationReference = FDB74181DFFFDC88CAD6EAC3 /* Pods-TEST0214.debug.xcconfig */;
			buildSettings = {
				ASSETCATALOG_COMPILER_APPICON_NAME = AppIcon;
				CURRENT_PROJECT_VERSION = 20200320;
				DEAD_CODE_STRIPPING = NO;
				DEVELOPMENT_TEAM = V5ZUWPFB7D;
				INFOPLIST_FILE = TEST0214/Info.plist;
				LD_RUNPATH_SEARCH_PATHS = "$(inherited) @executable_path/Frameworks";
				OTHER_LDFLAGS = (
					"$(inherited)",
					"-ObjC",
					"-lc++",
				);
				PRODUCT_BUNDLE_IDENTIFIER = "org.reactjs.native.example.$(PRODUCT_NAME:rfc1034identifier)";
				PRODUCT_NAME = TEST0214;
				VERSIONING_SYSTEM = "apple-generic";
			};
			name = Debug;
		};
		13B07F951A680F5B00A75B9A /* Release */ = {
			isa = XCBuildConfiguration;
			baseConfigurationReference = 8309B13C5AA4D515F06BD98D /* Pods-TEST0214.release.xcconfig */;
			buildSettings = {
				ASSETCATALOG_COMPILER_APPICON_NAME = AppIcon;
				CODE_SIGN_IDENTITY = "Apple Development";
				CODE_SIGN_STYLE = Automatic;
				CURRENT_PROJECT_VERSION = 20200320;
				DEVELOPMENT_TEAM = V5ZUWPFB7D;
				INFOPLIST_FILE = TEST0214/Info.plist;
				LD_RUNPATH_SEARCH_PATHS = "$(inherited) @executable_path/Frameworks";
				OTHER_LDFLAGS = (
					"$(inherited)",
					"-ObjC",
					"-lc++",
				);
				PRODUCT_BUNDLE_IDENTIFIER = "org.reactjs.native.example.$(PRODUCT_NAME:rfc1034identifier)";
				PRODUCT_NAME = TEST0214;
				PROVISIONING_PROFILE_SPECIFIER = "";
				VERSIONING_SYSTEM = "apple-generic";
			};
			name = Release;
		};
		2D02E4971E0B4A5E006451C7 /* Debug */ = {
			isa = XCBuildConfiguration;
			baseConfigurationReference = 688EEFB95C5A5531F062D991 /* Pods-TEST0214-tvOS.debug.xcconfig */;
			buildSettings = {
				ASSETCATALOG_COMPILER_APPICON_NAME = "App Icon & Top Shelf Image";
				ASSETCATALOG_COMPILER_LAUNCHIMAGE_NAME = LaunchImage;
				CLANG_ANALYZER_NONNULL = YES;
				CLANG_WARN_DOCUMENTATION_COMMENTS = YES;
				CLANG_WARN_INFINITE_RECURSION = YES;
				CLANG_WARN_SUSPICIOUS_MOVE = YES;
				DEBUG_INFORMATION_FORMAT = dwarf;
				ENABLE_TESTABILITY = YES;
				GCC_NO_COMMON_BLOCKS = YES;
				INFOPLIST_FILE = "TEST0214-tvOS/Info.plist";
				LD_RUNPATH_SEARCH_PATHS = "$(inherited) @executable_path/Frameworks";
				OTHER_LDFLAGS = (
					"$(inherited)",
					"-ObjC",
					"-lc++",
				);
				PRODUCT_BUNDLE_IDENTIFIER = "com.facebook.REACT.TEST0214-tvOS";
				PRODUCT_NAME = "$(TARGET_NAME)";
				SDKROOT = appletvos;
				TARGETED_DEVICE_FAMILY = 3;
				TVOS_DEPLOYMENT_TARGET = 9.2;
			};
			name = Debug;
		};
		2D02E4981E0B4A5E006451C7 /* Release */ = {
			isa = XCBuildConfiguration;
			baseConfigurationReference = 1C6BB395FF23E15D46C97986 /* Pods-TEST0214-tvOS.release.xcconfig */;
			buildSettings = {
				ASSETCATALOG_COMPILER_APPICON_NAME = "App Icon & Top Shelf Image";
				ASSETCATALOG_COMPILER_LAUNCHIMAGE_NAME = LaunchImage;
				CLANG_ANALYZER_NONNULL = YES;
				CLANG_WARN_DOCUMENTATION_COMMENTS = YES;
				CLANG_WARN_INFINITE_RECURSION = YES;
				CLANG_WARN_SUSPICIOUS_MOVE = YES;
				COPY_PHASE_STRIP = NO;
				DEBUG_INFORMATION_FORMAT = "dwarf-with-dsym";
				GCC_NO_COMMON_BLOCKS = YES;
				INFOPLIST_FILE = "TEST0214-tvOS/Info.plist";
				LD_RUNPATH_SEARCH_PATHS = "$(inherited) @executable_path/Frameworks";
				OTHER_LDFLAGS = (
					"$(inherited)",
					"-ObjC",
					"-lc++",
				);
				PRODUCT_BUNDLE_IDENTIFIER = "com.facebook.REACT.TEST0214-tvOS";
				PRODUCT_NAME = "$(TARGET_NAME)";
				SDKROOT = appletvos;
				TARGETED_DEVICE_FAMILY = 3;
				TVOS_DEPLOYMENT_TARGET = 9.2;
			};
			name = Release;
		};
		2D02E4991E0B4A5E006451C7 /* Debug */ = {
			isa = XCBuildConfiguration;
			baseConfigurationReference = 478E6FE3664CCE00D704D15D /* Pods-TEST0214-tvOSTests.debug.xcconfig */;
			buildSettings = {
				BUNDLE_LOADER = "$(TEST_HOST)";
				CLANG_ANALYZER_NONNULL = YES;
				CLANG_WARN_DOCUMENTATION_COMMENTS = YES;
				CLANG_WARN_INFINITE_RECURSION = YES;
				CLANG_WARN_SUSPICIOUS_MOVE = YES;
				DEBUG_INFORMATION_FORMAT = dwarf;
				ENABLE_TESTABILITY = YES;
				GCC_NO_COMMON_BLOCKS = YES;
				INFOPLIST_FILE = "TEST0214-tvOSTests/Info.plist";
				LD_RUNPATH_SEARCH_PATHS = "$(inherited) @executable_path/Frameworks @loader_path/Frameworks";
				OTHER_LDFLAGS = (
					"$(inherited)",
					"-ObjC",
					"-lc++",
				);
				PRODUCT_BUNDLE_IDENTIFIER = "com.facebook.REACT.TEST0214-tvOSTests";
				PRODUCT_NAME = "$(TARGET_NAME)";
				SDKROOT = appletvos;
				TEST_HOST = "$(BUILT_PRODUCTS_DIR)/TEST0214-tvOS.app/TEST0214-tvOS";
				TVOS_DEPLOYMENT_TARGET = 10.1;
			};
			name = Debug;
		};
		2D02E49A1E0B4A5E006451C7 /* Release */ = {
			isa = XCBuildConfiguration;
			baseConfigurationReference = F0AD645750D31553B5E7A380 /* Pods-TEST0214-tvOSTests.release.xcconfig */;
			buildSettings = {
				BUNDLE_LOADER = "$(TEST_HOST)";
				CLANG_ANALYZER_NONNULL = YES;
				CLANG_WARN_DOCUMENTATION_COMMENTS = YES;
				CLANG_WARN_INFINITE_RECURSION = YES;
				CLANG_WARN_SUSPICIOUS_MOVE = YES;
				COPY_PHASE_STRIP = NO;
				DEBUG_INFORMATION_FORMAT = "dwarf-with-dsym";
				GCC_NO_COMMON_BLOCKS = YES;
				INFOPLIST_FILE = "TEST0214-tvOSTests/Info.plist";
				LD_RUNPATH_SEARCH_PATHS = "$(inherited) @executable_path/Frameworks @loader_path/Frameworks";
				OTHER_LDFLAGS = (
					"$(inherited)",
					"-ObjC",
					"-lc++",
				);
				PRODUCT_BUNDLE_IDENTIFIER = "com.facebook.REACT.TEST0214-tvOSTests";
				PRODUCT_NAME = "$(TARGET_NAME)";
				SDKROOT = appletvos;
				TEST_HOST = "$(BUILT_PRODUCTS_DIR)/TEST0214-tvOS.app/TEST0214-tvOS";
				TVOS_DEPLOYMENT_TARGET = 10.1;
			};
			name = Release;
		};
		83CBBA201A601CBA00E9B192 /* Debug */ = {
			isa = XCBuildConfiguration;
			buildSettings = {
				ALWAYS_SEARCH_USER_PATHS = YES;
				CLANG_ANALYZER_LOCALIZABILITY_NONLOCALIZED = YES;
				CLANG_CXX_LANGUAGE_STANDARD = "gnu++0x";
				CLANG_CXX_LIBRARY = "libc++";
				CLANG_ENABLE_MODULES = YES;
				CLANG_ENABLE_OBJC_ARC = YES;
				CLANG_WARN_BLOCK_CAPTURE_AUTORELEASING = YES;
				CLANG_WARN_BOOL_CONVERSION = YES;
				CLANG_WARN_COMMA = YES;
				CLANG_WARN_CONSTANT_CONVERSION = YES;
				CLANG_WARN_DEPRECATED_OBJC_IMPLEMENTATIONS = YES;
				CLANG_WARN_DIRECT_OBJC_ISA_USAGE = YES_ERROR;
				CLANG_WARN_EMPTY_BODY = YES;
				CLANG_WARN_ENUM_CONVERSION = YES;
				CLANG_WARN_INFINITE_RECURSION = YES;
				CLANG_WARN_INT_CONVERSION = YES;
				CLANG_WARN_NON_LITERAL_NULL_CONVERSION = YES;
				CLANG_WARN_OBJC_IMPLICIT_RETAIN_SELF = YES;
				CLANG_WARN_OBJC_LITERAL_CONVERSION = YES;
				CLANG_WARN_OBJC_ROOT_CLASS = YES_ERROR;
				CLANG_WARN_RANGE_LOOP_ANALYSIS = YES;
				CLANG_WARN_STRICT_PROTOTYPES = YES;
				CLANG_WARN_SUSPICIOUS_MOVE = YES;
				CLANG_WARN_UNREACHABLE_CODE = YES;
				CLANG_WARN__DUPLICATE_METHOD_MATCH = YES;
				CODE_SIGN_IDENTITY = "Apple Development";
				"CODE_SIGN_IDENTITY[sdk=iphoneos*]" = "Apple Development";
				COPY_PHASE_STRIP = NO;
				ENABLE_STRICT_OBJC_MSGSEND = YES;
				ENABLE_TESTABILITY = YES;
				GCC_C_LANGUAGE_STANDARD = gnu99;
				GCC_DYNAMIC_NO_PIC = NO;
				GCC_NO_COMMON_BLOCKS = YES;
				GCC_OPTIMIZATION_LEVEL = 0;
				GCC_PREPROCESSOR_DEFINITIONS = (
					"DEBUG=1",
					"$(inherited)",
					"HAVE_GOOGLE_MAPS=1",
				);
				GCC_SYMBOLS_PRIVATE_EXTERN = NO;
				GCC_WARN_64_TO_32_BIT_CONVERSION = YES;
				GCC_WARN_ABOUT_RETURN_TYPE = YES_ERROR;
				GCC_WARN_UNDECLARED_SELECTOR = YES;
				GCC_WARN_UNINITIALIZED_AUTOS = YES_AGGRESSIVE;
				GCC_WARN_UNUSED_FUNCTION = YES;
				GCC_WARN_UNUSED_VARIABLE = YES;
				IPHONEOS_DEPLOYMENT_TARGET = 9.0;
				MTL_ENABLE_DEBUG_INFO = YES;
				ONLY_ACTIVE_ARCH = YES;
				SDKROOT = iphoneos;
			};
			name = Debug;
		};
		83CBBA211A601CBA00E9B192 /* Release */ = {
			isa = XCBuildConfiguration;
			buildSettings = {
				ALWAYS_SEARCH_USER_PATHS = YES;
				CLANG_ANALYZER_LOCALIZABILITY_NONLOCALIZED = YES;
				CLANG_CXX_LANGUAGE_STANDARD = "gnu++0x";
				CLANG_CXX_LIBRARY = "libc++";
				CLANG_ENABLE_MODULES = YES;
				CLANG_ENABLE_OBJC_ARC = YES;
				CLANG_WARN_BLOCK_CAPTURE_AUTORELEASING = YES;
				CLANG_WARN_BOOL_CONVERSION = YES;
				CLANG_WARN_COMMA = YES;
				CLANG_WARN_CONSTANT_CONVERSION = YES;
				CLANG_WARN_DEPRECATED_OBJC_IMPLEMENTATIONS = YES;
				CLANG_WARN_DIRECT_OBJC_ISA_USAGE = YES_ERROR;
				CLANG_WARN_EMPTY_BODY = YES;
				CLANG_WARN_ENUM_CONVERSION = YES;
				CLANG_WARN_INFINITE_RECURSION = YES;
				CLANG_WARN_INT_CONVERSION = YES;
				CLANG_WARN_NON_LITERAL_NULL_CONVERSION = YES;
				CLANG_WARN_OBJC_IMPLICIT_RETAIN_SELF = YES;
				CLANG_WARN_OBJC_LITERAL_CONVERSION = YES;
				CLANG_WARN_OBJC_ROOT_CLASS = YES_ERROR;
				CLANG_WARN_RANGE_LOOP_ANALYSIS = YES;
				CLANG_WARN_STRICT_PROTOTYPES = YES;
				CLANG_WARN_SUSPICIOUS_MOVE = YES;
				CLANG_WARN_UNREACHABLE_CODE = YES;
				CLANG_WARN__DUPLICATE_METHOD_MATCH = YES;
				CODE_SIGN_IDENTITY = "Apple Development";
				"CODE_SIGN_IDENTITY[sdk=iphoneos*]" = "Apple Development";
				COPY_PHASE_STRIP = YES;
				ENABLE_NS_ASSERTIONS = NO;
				ENABLE_STRICT_OBJC_MSGSEND = YES;
				GCC_C_LANGUAGE_STANDARD = gnu99;
				GCC_NO_COMMON_BLOCKS = YES;
				GCC_PREPROCESSOR_DEFINITIONS = "HAVE_GOOGLE_MAPS=1";
				GCC_WARN_64_TO_32_BIT_CONVERSION = YES;
				GCC_WARN_ABOUT_RETURN_TYPE = YES_ERROR;
				GCC_WARN_UNDECLARED_SELECTOR = YES;
				GCC_WARN_UNINITIALIZED_AUTOS = YES_AGGRESSIVE;
				GCC_WARN_UNUSED_FUNCTION = YES;
				GCC_WARN_UNUSED_VARIABLE = YES;
				IPHONEOS_DEPLOYMENT_TARGET = 9.0;
				MTL_ENABLE_DEBUG_INFO = NO;
				SDKROOT = iphoneos;
				VALIDATE_PRODUCT = YES;
			};
			name = Release;
		};
/* End XCBuildConfiguration section */

/* Begin XCConfigurationList section */
		00E357021AD99517003FC87E /* Build configuration list for PBXNativeTarget "TEST0214Tests" */ = {
			isa = XCConfigurationList;
			buildConfigurations = (
				00E356F61AD99517003FC87E /* Debug */,
				00E356F71AD99517003FC87E /* Release */,
			);
			defaultConfigurationIsVisible = 0;
			defaultConfigurationName = Release;
		};
		13B07F931A680F5B00A75B9A /* Build configuration list for PBXNativeTarget "TEST0214" */ = {
			isa = XCConfigurationList;
			buildConfigurations = (
				13B07F941A680F5B00A75B9A /* Debug */,
				13B07F951A680F5B00A75B9A /* Release */,
			);
			defaultConfigurationIsVisible = 0;
			defaultConfigurationName = Release;
		};
		2D02E4BA1E0B4A5E006451C7 /* Build configuration list for PBXNativeTarget "TEST0214-tvOS" */ = {
			isa = XCConfigurationList;
			buildConfigurations = (
				2D02E4971E0B4A5E006451C7 /* Debug */,
				2D02E4981E0B4A5E006451C7 /* Release */,
			);
			defaultConfigurationIsVisible = 0;
			defaultConfigurationName = Release;
		};
		2D02E4BB1E0B4A5E006451C7 /* Build configuration list for PBXNativeTarget "TEST0214-tvOSTests" */ = {
			isa = XCConfigurationList;
			buildConfigurations = (
				2D02E4991E0B4A5E006451C7 /* Debug */,
				2D02E49A1E0B4A5E006451C7 /* Release */,
			);
			defaultConfigurationIsVisible = 0;
			defaultConfigurationName = Release;
		};
		83CBB9FA1A601CBA00E9B192 /* Build configuration list for PBXProject "TEST0214" */ = {
			isa = XCConfigurationList;
			buildConfigurations = (
				83CBBA201A601CBA00E9B192 /* Debug */,
				83CBBA211A601CBA00E9B192 /* Release */,
			);
			defaultConfigurationIsVisible = 0;
			defaultConfigurationName = Release;
		};
/* End XCConfigurationList section */
	};
	rootObject = 83CBB9F71A601CBA00E9B192 /* Project object */;
}
